
Microsoft Visual Studio Solution File, Format Version 12.00
# Visual Studio Version 17
VisualStudioVersion = 17.9.34728.123
MinimumVisualStudioVersion = 10.0.40219.1
Project("{9A19103F-16F7-4668-BE54-9A1E7A4F7556}") = "CustomDataStructures", "CustomDataStructures\CustomDataStructures.csproj", "{A622951F-4FEE-42FE-9AE4-A29A3F5ECFE2}"
EndProject
Global
	GlobalSection(SolutionConfigurationPlatforms) = preSolution
		Debug|Any CPU = Debug|Any CPU
		Release|Any CPU = Release|Any CPU
	EndGlobalSection
	GlobalSection(ProjectConfigurationPlatforms) = postSolution
		{A622951F-4FEE-42FE-9AE4-A29A3F5ECFE2}.Debug|Any CPU.ActiveCfg = Debug|Any CPU
		{A622951F-4FEE-42FE-9AE4-A29A3F5ECFE2}.Debug|Any CPU.Build.0 = Debug|Any CPU
		{A622951F-4FEE-42FE-9AE4-A29A3F5ECFE2}.Release|Any CPU.ActiveCfg = Release|Any CPU
		{A622951F-4FEE-42FE-9AE4-A29A3F5ECFE2}.Release|Any CPU.Build.0 = Release|Any CPU
	EndGlobalSection
	GlobalSection(SolutionProperties) = preSolution
		HideSolutionNode = FALSE
	EndGlobalSection
	GlobalSection(ExtensibilityGlobals) = postSolution
		SolutionGuid = {5FF01646-2021-47DE-BC46-02ACC1489C3C}
	EndGlobalSection
EndGlobal
