
Microsoft Visual Studio Solution File, Format Version 12.00
# Visual Studio Version 17
VisualStudioVersion = 17.5.33516.290
MinimumVisualStudioVersion = 10.0.40219.1
Project("{FAE04EC0-301F-11D3-BF4B-00C04F79EFBC}") = "04. Sum of Chars", "04. Sum of Chars.csproj", "{DC6C1100-68BA-4CEE-8073-DD92BF00DF64}"
EndProject
Global
	GlobalSection(SolutionConfigurationPlatforms) = preSolution
		Debug|Any CPU = Debug|Any CPU
		Release|Any CPU = Release|Any CPU
	EndGlobalSection
	GlobalSection(ProjectConfigurationPlatforms) = postSolution
		{DC6C1100-68BA-4CEE-8073-DD92BF00DF64}.Debug|Any CPU.ActiveCfg = Debug|Any CPU
		{DC6C1100-68BA-4CEE-8073-DD92BF00DF64}.Debug|Any CPU.Build.0 = Debug|Any CPU
		{DC6C1100-68BA-4CEE-8073-DD92BF00DF64}.Release|Any CPU.ActiveCfg = Release|Any CPU
		{DC6C1100-68BA-4CEE-8073-DD92BF00DF64}.Release|Any CPU.Build.0 = Release|Any CPU
	EndGlobalSection
	GlobalSection(SolutionProperties) = preSolution
		HideSolutionNode = FALSE
	EndGlobalSection
	GlobalSection(ExtensibilityGlobals) = postSolution
		SolutionGuid = {2BDC7270-0B41-475D-B92D-8BBAD97E790D}
	EndGlobalSection
EndGlobal
