
Microsoft Visual Studio Solution File, Format Version 12.00
# Visual Studio Version 17
VisualStudioVersion = 17.8.34330.188
MinimumVisualStudioVersion = 10.0.40219.1
Project("{FAE04EC0-301F-11D3-BF4B-00C04F79EFBC}") = "Singleton", "Singleton\Singleton.csproj", "{C5E0919B-7C34-4A01-B378-4C5FE759151B}"
EndProject
Project("{FAE04EC0-301F-11D3-BF4B-00C04F79EFBC}") = "Facade", "Facade\Facade.csproj", "{510D733A-0B17-48F7-948B-ABF2581C0854}"
EndProject
Project("{FAE04EC0-301F-11D3-BF4B-00C04F79EFBC}") = "CommandPattern", "CommandPattern\CommandPattern.csproj", "{648FA26C-E9DC-4AE4-A43F-CA1F2970EE70}"
EndProject
Global
	GlobalSection(SolutionConfigurationPlatforms) = preSolution
		Debug|Any CPU = Debug|Any CPU
		Release|Any CPU = Release|Any CPU
	EndGlobalSection
	GlobalSection(ProjectConfigurationPlatforms) = postSolution
		{C5E0919B-7C34-4A01-B378-4C5FE759151B}.Debug|Any CPU.ActiveCfg = Debug|Any CPU
		{C5E0919B-7C34-4A01-B378-4C5FE759151B}.Debug|Any CPU.Build.0 = Debug|Any CPU
		{C5E0919B-7C34-4A01-B378-4C5FE759151B}.Release|Any CPU.ActiveCfg = Release|Any CPU
		{C5E0919B-7C34-4A01-B378-4C5FE759151B}.Release|Any CPU.Build.0 = Release|Any CPU
		{510D733A-0B17-48F7-948B-ABF2581C0854}.Debug|Any CPU.ActiveCfg = Debug|Any CPU
		{510D733A-0B17-48F7-948B-ABF2581C0854}.Debug|Any CPU.Build.0 = Debug|Any CPU
		{510D733A-0B17-48F7-948B-ABF2581C0854}.Release|Any CPU.ActiveCfg = Release|Any CPU
		{510D733A-0B17-48F7-948B-ABF2581C0854}.Release|Any CPU.Build.0 = Release|Any CPU
		{648FA26C-E9DC-4AE4-A43F-CA1F2970EE70}.Debug|Any CPU.ActiveCfg = Debug|Any CPU
		{648FA26C-E9DC-4AE4-A43F-CA1F2970EE70}.Debug|Any CPU.Build.0 = Debug|Any CPU
		{648FA26C-E9DC-4AE4-A43F-CA1F2970EE70}.Release|Any CPU.ActiveCfg = Release|Any CPU
		{648FA26C-E9DC-4AE4-A43F-CA1F2970EE70}.Release|Any CPU.Build.0 = Release|Any CPU
	EndGlobalSection
	GlobalSection(SolutionProperties) = preSolution
		HideSolutionNode = FALSE
	EndGlobalSection
	GlobalSection(ExtensibilityGlobals) = postSolution
		SolutionGuid = {17AF1DEC-E258-499E-A88B-09DCFBA4364E}
	EndGlobalSection
EndGlobal
