
Microsoft Visual Studio Solution File, Format Version 12.00
# Visual Studio Version 17
VisualStudioVersion = 17.8.34330.188
MinimumVisualStudioVersion = 10.0.40219.1
Project("{9A19103F-16F7-4668-BE54-9A1E7A4F7556}") = "TempleOfDoom", "TempleOfDoom\TempleOfDoom.csproj", "{FD4EC36A-E723-4D97-B546-2A49D9686A7B}"
EndProject
Project("{9A19103F-16F7-4668-BE54-9A1E7A4F7556}") = "MouseInTheKitchen", "MouseInTheKitchen\MouseInTheKitchen.csproj", "{6991DCAA-D72F-4F38-9C66-BDA159DF9E28}"
EndProject
Project("{9A19103F-16F7-4668-BE54-9A1E7A4F7556}") = "AutomotiveRepairShop", "AutomotiveRepairShop\AutomotiveRepairShop.csproj", "{8B6EC5F6-2703-4A4D-919F-1A2EB81B5D68}"
EndProject
Project("{9A19103F-16F7-4668-BE54-9A1E7A4F7556}") = "MonsterExtermination", "MonsterExtermination\MonsterExtermination.csproj", "{E139FFAC-8503-4994-A819-923A47A66F85}"
EndProject
Project("{9A19103F-16F7-4668-BE54-9A1E7A4F7556}") = "VendingSystem", "VendingSystem\VendingSystem.csproj", "{C560977E-3B7B-42BC-8D38-1DD691140029}"
EndProject
Project("{9A19103F-16F7-4668-BE54-9A1E7A4F7556}") = "DeliveryBoy", "DeliveryBoy\DeliveryBoy.csproj", "{42048DB7-1531-4B83-BC9C-32B4E77812F6}"
EndProject
Project("{9A19103F-16F7-4668-BE54-9A1E7A4F7556}") = "WormsAndHoles", "WormsAndHoles\WormsAndHoles.csproj", "{D15FDF96-5171-4E9F-80E5-DE582B7AE272}"
EndProject
Project("{9A19103F-16F7-4668-BE54-9A1E7A4F7556}") = "TheGambler", "TheGambler\TheGambler.csproj", "{B27E37C9-D768-4268-82BC-A8FBFB7AB9F9}"
EndProject
Project("{9A19103F-16F7-4668-BE54-9A1E7A4F7556}") = "GroceriesManagement", "GroceriesManagement\GroceriesManagement.csproj", "{FC69D40B-72B7-4745-8BF6-A612DF30129B}"
EndProject
Project("{9A19103F-16F7-4668-BE54-9A1E7A4F7556}") = "PiePursuit", "PiePursuit\PiePursuit.csproj", "{8439FFEE-AFFB-417F-B9F1-D381821CF2A1}"
EndProject
Project("{9A19103F-16F7-4668-BE54-9A1E7A4F7556}") = "DataCenter", "DataCenter\DataCenter.csproj", "{661CAB0F-D762-4869-9F30-3AE3B9C29319}"
EndProject
Project("{2150E333-8FDC-42A3-9474-1A3956D46DE8}") = "22 Jun 2024", "22 Jun 2024", "{6CEB5BB9-C271-424A-B371-4F78F0DDF713}"
EndProject
Project("{FAE04EC0-301F-11D3-BF4B-00C04F79EFBC}") = "Beesy", "Beesy\Beesy.csproj", "{49B35488-8F53-4EC9-8993-1C949F0DCE82}"
EndProject
Project("{FAE04EC0-301F-11D3-BF4B-00C04F79EFBC}") = "RapidCourier", "RapidCourier\RapidCourier.csproj", "{A8DFA773-8630-4D02-8117-00A5F961495D}"
EndProject
Project("{FAE04EC0-301F-11D3-BF4B-00C04F79EFBC}") = "EstateAgency", "EstateAgency\EstateAgency.csproj", "{339563D1-8B18-4C56-BC14-E2E36854D29D}"
EndProject
Project("{2150E333-8FDC-42A3-9474-1A3956D46DE8}") = "10 Apr 2024", "10 Apr 2024", "{25AD6BA1-08AB-4221-AA51-66DB9C55E7E9}"
EndProject
Project("{FAE04EC0-301F-11D3-BF4B-00C04F79EFBC}") = "EscapeTheMaze", "EscapeTheMaze\EscapeTheMaze.csproj", "{B6084263-3E09-4B56-890B-6968DE2A54BD}"
EndProject
Project("{2150E333-8FDC-42A3-9474-1A3956D46DE8}") = "13 Dec 2023", "13 Dec 2023", "{A6BA4618-FFE9-42AF-B3D2-B6759D895065}"
EndProject
Project("{2150E333-8FDC-42A3-9474-1A3956D46DE8}") = "09 Aug 2023", "09 Aug 2023", "{45E465D3-B69B-470E-90E9-493D622AD9F3}"
EndProject
Project("{2150E333-8FDC-42A3-9474-1A3956D46DE8}") = "17 Jun 2023", "17 Jun 2023", "{EFAF5A82-B0C5-4E1C-9FA7-8E7D3261FE5F}"
EndProject
Global
	GlobalSection(SolutionConfigurationPlatforms) = preSolution
		Debug|Any CPU = Debug|Any CPU
		Release|Any CPU = Release|Any CPU
	EndGlobalSection
	GlobalSection(ProjectConfigurationPlatforms) = postSolution
		{FD4EC36A-E723-4D97-B546-2A49D9686A7B}.Debug|Any CPU.ActiveCfg = Debug|Any CPU
		{FD4EC36A-E723-4D97-B546-2A49D9686A7B}.Debug|Any CPU.Build.0 = Debug|Any CPU
		{FD4EC36A-E723-4D97-B546-2A49D9686A7B}.Release|Any CPU.ActiveCfg = Release|Any CPU
		{FD4EC36A-E723-4D97-B546-2A49D9686A7B}.Release|Any CPU.Build.0 = Release|Any CPU
		{6991DCAA-D72F-4F38-9C66-BDA159DF9E28}.Debug|Any CPU.ActiveCfg = Debug|Any CPU
		{6991DCAA-D72F-4F38-9C66-BDA159DF9E28}.Debug|Any CPU.Build.0 = Debug|Any CPU
		{6991DCAA-D72F-4F38-9C66-BDA159DF9E28}.Release|Any CPU.ActiveCfg = Release|Any CPU
		{6991DCAA-D72F-4F38-9C66-BDA159DF9E28}.Release|Any CPU.Build.0 = Release|Any CPU
		{8B6EC5F6-2703-4A4D-919F-1A2EB81B5D68}.Debug|Any CPU.ActiveCfg = Debug|Any CPU
		{8B6EC5F6-2703-4A4D-919F-1A2EB81B5D68}.Debug|Any CPU.Build.0 = Debug|Any CPU
		{8B6EC5F6-2703-4A4D-919F-1A2EB81B5D68}.Release|Any CPU.ActiveCfg = Release|Any CPU
		{8B6EC5F6-2703-4A4D-919F-1A2EB81B5D68}.Release|Any CPU.Build.0 = Release|Any CPU
		{E139FFAC-8503-4994-A819-923A47A66F85}.Debug|Any CPU.ActiveCfg = Debug|Any CPU
		{E139FFAC-8503-4994-A819-923A47A66F85}.Debug|Any CPU.Build.0 = Debug|Any CPU
		{E139FFAC-8503-4994-A819-923A47A66F85}.Release|Any CPU.ActiveCfg = Release|Any CPU
		{E139FFAC-8503-4994-A819-923A47A66F85}.Release|Any CPU.Build.0 = Release|Any CPU
		{C560977E-3B7B-42BC-8D38-1DD691140029}.Debug|Any CPU.ActiveCfg = Debug|Any CPU
		{C560977E-3B7B-42BC-8D38-1DD691140029}.Debug|Any CPU.Build.0 = Debug|Any CPU
		{C560977E-3B7B-42BC-8D38-1DD691140029}.Release|Any CPU.ActiveCfg = Release|Any CPU
		{C560977E-3B7B-42BC-8D38-1DD691140029}.Release|Any CPU.Build.0 = Release|Any CPU
		{42048DB7-1531-4B83-BC9C-32B4E77812F6}.Debug|Any CPU.ActiveCfg = Debug|Any CPU
		{42048DB7-1531-4B83-BC9C-32B4E77812F6}.Debug|Any CPU.Build.0 = Debug|Any CPU
		{42048DB7-1531-4B83-BC9C-32B4E77812F6}.Release|Any CPU.ActiveCfg = Release|Any CPU
		{42048DB7-1531-4B83-BC9C-32B4E77812F6}.Release|Any CPU.Build.0 = Release|Any CPU
		{D15FDF96-5171-4E9F-80E5-DE582B7AE272}.Debug|Any CPU.ActiveCfg = Debug|Any CPU
		{D15FDF96-5171-4E9F-80E5-DE582B7AE272}.Debug|Any CPU.Build.0 = Debug|Any CPU
		{D15FDF96-5171-4E9F-80E5-DE582B7AE272}.Release|Any CPU.ActiveCfg = Release|Any CPU
		{D15FDF96-5171-4E9F-80E5-DE582B7AE272}.Release|Any CPU.Build.0 = Release|Any CPU
		{B27E37C9-D768-4268-82BC-A8FBFB7AB9F9}.Debug|Any CPU.ActiveCfg = Debug|Any CPU
		{B27E37C9-D768-4268-82BC-A8FBFB7AB9F9}.Debug|Any CPU.Build.0 = Debug|Any CPU
		{B27E37C9-D768-4268-82BC-A8FBFB7AB9F9}.Release|Any CPU.ActiveCfg = Release|Any CPU
		{B27E37C9-D768-4268-82BC-A8FBFB7AB9F9}.Release|Any CPU.Build.0 = Release|Any CPU
		{FC69D40B-72B7-4745-8BF6-A612DF30129B}.Debug|Any CPU.ActiveCfg = Debug|Any CPU
		{FC69D40B-72B7-4745-8BF6-A612DF30129B}.Debug|Any CPU.Build.0 = Debug|Any CPU
		{FC69D40B-72B7-4745-8BF6-A612DF30129B}.Release|Any CPU.ActiveCfg = Release|Any CPU
		{FC69D40B-72B7-4745-8BF6-A612DF30129B}.Release|Any CPU.Build.0 = Release|Any CPU
		{8439FFEE-AFFB-417F-B9F1-D381821CF2A1}.Debug|Any CPU.ActiveCfg = Debug|Any CPU
		{8439FFEE-AFFB-417F-B9F1-D381821CF2A1}.Debug|Any CPU.Build.0 = Debug|Any CPU
		{8439FFEE-AFFB-417F-B9F1-D381821CF2A1}.Release|Any CPU.ActiveCfg = Release|Any CPU
		{8439FFEE-AFFB-417F-B9F1-D381821CF2A1}.Release|Any CPU.Build.0 = Release|Any CPU
		{661CAB0F-D762-4869-9F30-3AE3B9C29319}.Debug|Any CPU.ActiveCfg = Debug|Any CPU
		{661CAB0F-D762-4869-9F30-3AE3B9C29319}.Debug|Any CPU.Build.0 = Debug|Any CPU
		{661CAB0F-D762-4869-9F30-3AE3B9C29319}.Release|Any CPU.ActiveCfg = Release|Any CPU
		{661CAB0F-D762-4869-9F30-3AE3B9C29319}.Release|Any CPU.Build.0 = Release|Any CPU
		{49B35488-8F53-4EC9-8993-1C949F0DCE82}.Debug|Any CPU.ActiveCfg = Debug|Any CPU
		{49B35488-8F53-4EC9-8993-1C949F0DCE82}.Debug|Any CPU.Build.0 = Debug|Any CPU
		{49B35488-8F53-4EC9-8993-1C949F0DCE82}.Release|Any CPU.ActiveCfg = Release|Any CPU
		{49B35488-8F53-4EC9-8993-1C949F0DCE82}.Release|Any CPU.Build.0 = Release|Any CPU
		{A8DFA773-8630-4D02-8117-00A5F961495D}.Debug|Any CPU.ActiveCfg = Debug|Any CPU
		{A8DFA773-8630-4D02-8117-00A5F961495D}.Debug|Any CPU.Build.0 = Debug|Any CPU
		{A8DFA773-8630-4D02-8117-00A5F961495D}.Release|Any CPU.ActiveCfg = Release|Any CPU
		{A8DFA773-8630-4D02-8117-00A5F961495D}.Release|Any CPU.Build.0 = Release|Any CPU
		{339563D1-8B18-4C56-BC14-E2E36854D29D}.Debug|Any CPU.ActiveCfg = Debug|Any CPU
		{339563D1-8B18-4C56-BC14-E2E36854D29D}.Debug|Any CPU.Build.0 = Debug|Any CPU
		{339563D1-8B18-4C56-BC14-E2E36854D29D}.Release|Any CPU.ActiveCfg = Release|Any CPU
		{339563D1-8B18-4C56-BC14-E2E36854D29D}.Release|Any CPU.Build.0 = Release|Any CPU
		{B6084263-3E09-4B56-890B-6968DE2A54BD}.Debug|Any CPU.ActiveCfg = Debug|Any CPU
		{B6084263-3E09-4B56-890B-6968DE2A54BD}.Debug|Any CPU.Build.0 = Debug|Any CPU
		{B6084263-3E09-4B56-890B-6968DE2A54BD}.Release|Any CPU.ActiveCfg = Release|Any CPU
		{B6084263-3E09-4B56-890B-6968DE2A54BD}.Release|Any CPU.Build.0 = Release|Any CPU
	EndGlobalSection
	GlobalSection(SolutionProperties) = preSolution
		HideSolutionNode = FALSE
	EndGlobalSection
	GlobalSection(NestedProjects) = preSolution
		{FD4EC36A-E723-4D97-B546-2A49D9686A7B} = {EFAF5A82-B0C5-4E1C-9FA7-8E7D3261FE5F}
		{6991DCAA-D72F-4F38-9C66-BDA159DF9E28} = {EFAF5A82-B0C5-4E1C-9FA7-8E7D3261FE5F}
		{8B6EC5F6-2703-4A4D-919F-1A2EB81B5D68} = {EFAF5A82-B0C5-4E1C-9FA7-8E7D3261FE5F}
		{E139FFAC-8503-4994-A819-923A47A66F85} = {45E465D3-B69B-470E-90E9-493D622AD9F3}
		{C560977E-3B7B-42BC-8D38-1DD691140029} = {45E465D3-B69B-470E-90E9-493D622AD9F3}
		{42048DB7-1531-4B83-BC9C-32B4E77812F6} = {45E465D3-B69B-470E-90E9-493D622AD9F3}
		{D15FDF96-5171-4E9F-80E5-DE582B7AE272} = {A6BA4618-FFE9-42AF-B3D2-B6759D895065}
		{B27E37C9-D768-4268-82BC-A8FBFB7AB9F9} = {A6BA4618-FFE9-42AF-B3D2-B6759D895065}
		{FC69D40B-72B7-4745-8BF6-A612DF30129B} = {A6BA4618-FFE9-42AF-B3D2-B6759D895065}
		{8439FFEE-AFFB-417F-B9F1-D381821CF2A1} = {25AD6BA1-08AB-4221-AA51-66DB9C55E7E9}
		{661CAB0F-D762-4869-9F30-3AE3B9C29319} = {25AD6BA1-08AB-4221-AA51-66DB9C55E7E9}
		{49B35488-8F53-4EC9-8993-1C949F0DCE82} = {6CEB5BB9-C271-424A-B371-4F78F0DDF713}
		{A8DFA773-8630-4D02-8117-00A5F961495D} = {6CEB5BB9-C271-424A-B371-4F78F0DDF713}
		{339563D1-8B18-4C56-BC14-E2E36854D29D} = {6CEB5BB9-C271-424A-B371-4F78F0DDF713}
		{B6084263-3E09-4B56-890B-6968DE2A54BD} = {25AD6BA1-08AB-4221-AA51-66DB9C55E7E9}
	EndGlobalSection
	GlobalSection(ExtensibilityGlobals) = postSolution
		SolutionGuid = {0236D1C6-9010-44D1-A0EE-4F486E158444}
	EndGlobalSection
EndGlobal
