
Microsoft Visual Studio Solution File, Format Version 12.00
# Visual Studio Version 17
VisualStudioVersion = 17.5.33516.290
MinimumVisualStudioVersion = 10.0.40219.1
Project("{FAE04EC0-301F-11D3-BF4B-00C04F79EFBC}") = "04. Reverse Array of Strings", "04. Reverse Array of Strings.csproj", "{9108FAF4-4C49-4420-9B70-4DCE40ACF82B}"
EndProject
Global
	GlobalSection(SolutionConfigurationPlatforms) = preSolution
		Debug|Any CPU = Debug|Any CPU
		Release|Any CPU = Release|Any CPU
	EndGlobalSection
	GlobalSection(ProjectConfigurationPlatforms) = postSolution
		{9108FAF4-4C49-4420-9B70-4DCE40ACF82B}.Debug|Any CPU.ActiveCfg = Debug|Any CPU
		{9108FAF4-4C49-4420-9B70-4DCE40ACF82B}.Debug|Any CPU.Build.0 = Debug|Any CPU
		{9108FAF4-4C49-4420-9B70-4DCE40ACF82B}.Release|Any CPU.ActiveCfg = Release|Any CPU
		{9108FAF4-4C49-4420-9B70-4DCE40ACF82B}.Release|Any CPU.Build.0 = Release|Any CPU
	EndGlobalSection
	GlobalSection(SolutionProperties) = preSolution
		HideSolutionNode = FALSE
	EndGlobalSection
	GlobalSection(ExtensibilityGlobals) = postSolution
		SolutionGuid = {3F0423B7-6D96-4FA3-A592-B34C589115C2}
	EndGlobalSection
EndGlobal
