
Microsoft Visual Studio Solution File, Format Version 12.00
# Visual Studio Version 17
VisualStudioVersion = 17.5.33516.290
MinimumVisualStudioVersion = 10.0.40219.1
Project("{FAE04EC0-301F-11D3-BF4B-00C04F79EFBC}") = "04. Personal Titles", "04. Personal Titles.csproj", "{7D0CDB8C-EF16-41FB-BB7B-B293152BDA49}"
EndProject
Global
	GlobalSection(SolutionConfigurationPlatforms) = preSolution
		Debug|Any CPU = Debug|Any CPU
		Release|Any CPU = Release|Any CPU
	EndGlobalSection
	GlobalSection(ProjectConfigurationPlatforms) = postSolution
		{7D0CDB8C-EF16-41FB-BB7B-B293152BDA49}.Debug|Any CPU.ActiveCfg = Debug|Any CPU
		{7D0CDB8C-EF16-41FB-BB7B-B293152BDA49}.Debug|Any CPU.Build.0 = Debug|Any CPU
		{7D0CDB8C-EF16-41FB-BB7B-B293152BDA49}.Release|Any CPU.ActiveCfg = Release|Any CPU
		{7D0CDB8C-EF16-41FB-BB7B-B293152BDA49}.Release|Any CPU.Build.0 = Release|Any CPU
	EndGlobalSection
	GlobalSection(SolutionProperties) = preSolution
		HideSolutionNode = FALSE
	EndGlobalSection
	GlobalSection(ExtensibilityGlobals) = postSolution
		SolutionGuid = {683082C2-1A88-4663-B7AD-BF7FC0B14BDC}
	EndGlobalSection
EndGlobal
