
Microsoft Visual Studio Solution File, Format Version 12.00
# Visual Studio Version 17
VisualStudioVersion = 17.5.33516.290
MinimumVisualStudioVersion = 10.0.40219.1
Project("{FAE04EC0-301F-11D3-BF4B-00C04F79EFBC}") = "10. Lower or Upper", "10. Lower or Upper.csproj", "{0450C1EB-7918-4CF5-9AAF-D73BB36C770B}"
EndProject
Global
	GlobalSection(SolutionConfigurationPlatforms) = preSolution
		Debug|Any CPU = Debug|Any CPU
		Release|Any CPU = Release|Any CPU
	EndGlobalSection
	GlobalSection(ProjectConfigurationPlatforms) = postSolution
		{0450C1EB-7918-4CF5-9AAF-D73BB36C770B}.Debug|Any CPU.ActiveCfg = Debug|Any CPU
		{0450C1EB-7918-4CF5-9AAF-D73BB36C770B}.Debug|Any CPU.Build.0 = Debug|Any CPU
		{0450C1EB-7918-4CF5-9AAF-D73BB36C770B}.Release|Any CPU.ActiveCfg = Release|Any CPU
		{0450C1EB-7918-4CF5-9AAF-D73BB36C770B}.Release|Any CPU.Build.0 = Release|Any CPU
	EndGlobalSection
	GlobalSection(SolutionProperties) = preSolution
		HideSolutionNode = FALSE
	EndGlobalSection
	GlobalSection(ExtensibilityGlobals) = postSolution
		SolutionGuid = {1F06A31F-D9E6-4E44-9355-7B824BDFB033}
	EndGlobalSection
EndGlobal
