
Microsoft Visual Studio Solution File, Format Version 12.00
# Visual Studio Version 17
VisualStudioVersion = 17.5.33516.290
MinimumVisualStudioVersion = 10.0.40219.1
Project("{FAE04EC0-301F-11D3-BF4B-00C04F79EFBC}") = "03. Vacation", "03. Vacation.csproj", "{7A4D93D7-97E5-44ED-A05A-3763AF23EA6A}"
EndProject
Global
	GlobalSection(SolutionConfigurationPlatforms) = preSolution
		Debug|Any CPU = Debug|Any CPU
		Release|Any CPU = Release|Any CPU
	EndGlobalSection
	GlobalSection(ProjectConfigurationPlatforms) = postSolution
		{7A4D93D7-97E5-44ED-A05A-3763AF23EA6A}.Debug|Any CPU.ActiveCfg = Debug|Any CPU
		{7A4D93D7-97E5-44ED-A05A-3763AF23EA6A}.Debug|Any CPU.Build.0 = Debug|Any CPU
		{7A4D93D7-97E5-44ED-A05A-3763AF23EA6A}.Release|Any CPU.ActiveCfg = Release|Any CPU
		{7A4D93D7-97E5-44ED-A05A-3763AF23EA6A}.Release|Any CPU.Build.0 = Release|Any CPU
	EndGlobalSection
	GlobalSection(SolutionProperties) = preSolution
		HideSolutionNode = FALSE
	EndGlobalSection
	GlobalSection(ExtensibilityGlobals) = postSolution
		SolutionGuid = {D4A243CB-A177-4A89-B4C2-2582E2B8AD41}
	EndGlobalSection
EndGlobal
