
Microsoft Visual Studio Solution File, Format Version 12.00
# Visual Studio Version 17
VisualStudioVersion = 17.5.33516.290
MinimumVisualStudioVersion = 10.0.40219.1
Project("{FAE04EC0-301F-11D3-BF4B-00C04F79EFBC}") = "05. Special Numbers", "05. Special Numbers.csproj", "{DD6E27B3-7370-4C15-8159-5ABFB8288FCC}"
EndProject
Global
	GlobalSection(SolutionConfigurationPlatforms) = preSolution
		Debug|Any CPU = Debug|Any CPU
		Release|Any CPU = Release|Any CPU
	EndGlobalSection
	GlobalSection(ProjectConfigurationPlatforms) = postSolution
		{DD6E27B3-7370-4C15-8159-5ABFB8288FCC}.Debug|Any CPU.ActiveCfg = Debug|Any CPU
		{DD6E27B3-7370-4C15-8159-5ABFB8288FCC}.Debug|Any CPU.Build.0 = Debug|Any CPU
		{DD6E27B3-7370-4C15-8159-5ABFB8288FCC}.Release|Any CPU.ActiveCfg = Release|Any CPU
		{DD6E27B3-7370-4C15-8159-5ABFB8288FCC}.Release|Any CPU.Build.0 = Release|Any CPU
	EndGlobalSection
	GlobalSection(SolutionProperties) = preSolution
		HideSolutionNode = FALSE
	EndGlobalSection
	GlobalSection(ExtensibilityGlobals) = postSolution
		SolutionGuid = {D6FBA13E-9A37-4321-835D-C0D3C0B5E730}
	EndGlobalSection
EndGlobal
