
Microsoft Visual Studio Solution File, Format Version 12.00
# Visual Studio Version 17
VisualStudioVersion = 17.5.33516.290
MinimumVisualStudioVersion = 10.0.40219.1
Project("{FAE04EC0-301F-11D3-BF4B-00C04F79EFBC}") = "02. Summer Outfit", "02. Summer Outfit.csproj", "{0A513EAC-C604-4E8A-8970-C82C6C2F547A}"
EndProject
Global
	GlobalSection(SolutionConfigurationPlatforms) = preSolution
		Debug|Any CPU = Debug|Any CPU
		Release|Any CPU = Release|Any CPU
	EndGlobalSection
	GlobalSection(ProjectConfigurationPlatforms) = postSolution
		{0A513EAC-C604-4E8A-8970-C82C6C2F547A}.Debug|Any CPU.ActiveCfg = Debug|Any CPU
		{0A513EAC-C604-4E8A-8970-C82C6C2F547A}.Debug|Any CPU.Build.0 = Debug|Any CPU
		{0A513EAC-C604-4E8A-8970-C82C6C2F547A}.Release|Any CPU.ActiveCfg = Release|Any CPU
		{0A513EAC-C604-4E8A-8970-C82C6C2F547A}.Release|Any CPU.Build.0 = Release|Any CPU
	EndGlobalSection
	GlobalSection(SolutionProperties) = preSolution
		HideSolutionNode = FALSE
	EndGlobalSection
	GlobalSection(ExtensibilityGlobals) = postSolution
		SolutionGuid = {E6EB7041-8131-4C7E-B7D3-72FDA5AC23CC}
	EndGlobalSection
EndGlobal
