
Microsoft Visual Studio Solution File, Format Version 12.00
# Visual Studio Version 17
VisualStudioVersion = 17.5.33516.290
MinimumVisualStudioVersion = 10.0.40219.1
Project("{FAE04EC0-301F-11D3-BF4B-00C04F79EFBC}") = "04. Reverse String", "04. Reverse String.csproj", "{1FEBC070-CE18-4214-94B4-74BA3FA105B3}"
EndProject
Global
	GlobalSection(SolutionConfigurationPlatforms) = preSolution
		Debug|Any CPU = Debug|Any CPU
		Release|Any CPU = Release|Any CPU
	EndGlobalSection
	GlobalSection(ProjectConfigurationPlatforms) = postSolution
		{1FEBC070-CE18-4214-94B4-74BA3FA105B3}.Debug|Any CPU.ActiveCfg = Debug|Any CPU
		{1FEBC070-CE18-4214-94B4-74BA3FA105B3}.Debug|Any CPU.Build.0 = Debug|Any CPU
		{1FEBC070-CE18-4214-94B4-74BA3FA105B3}.Release|Any CPU.ActiveCfg = Release|Any CPU
		{1FEBC070-CE18-4214-94B4-74BA3FA105B3}.Release|Any CPU.Build.0 = Release|Any CPU
	EndGlobalSection
	GlobalSection(SolutionProperties) = preSolution
		HideSolutionNode = FALSE
	EndGlobalSection
	GlobalSection(ExtensibilityGlobals) = postSolution
		SolutionGuid = {505D9458-B4C8-42C6-B833-7A4F4D26F534}
	EndGlobalSection
EndGlobal
