
Microsoft Visual Studio Solution File, Format Version 12.00
# Visual Studio Version 17
VisualStudioVersion = 17.5.33516.290
MinimumVisualStudioVersion = 10.0.40219.1
Project("{FAE04EC0-301F-11D3-BF4B-00C04F79EFBC}") = "06. Operations Between Numbers", "06. Operations Between Numbers.csproj", "{708B097C-6F19-4033-960F-680CB45678BA}"
EndProject
Global
	GlobalSection(SolutionConfigurationPlatforms) = preSolution
		Debug|Any CPU = Debug|Any CPU
		Release|Any CPU = Release|Any CPU
	EndGlobalSection
	GlobalSection(ProjectConfigurationPlatforms) = postSolution
		{708B097C-6F19-4033-960F-680CB45678BA}.Debug|Any CPU.ActiveCfg = Debug|Any CPU
		{708B097C-6F19-4033-960F-680CB45678BA}.Debug|Any CPU.Build.0 = Debug|Any CPU
		{708B097C-6F19-4033-960F-680CB45678BA}.Release|Any CPU.ActiveCfg = Release|Any CPU
		{708B097C-6F19-4033-960F-680CB45678BA}.Release|Any CPU.Build.0 = Release|Any CPU
	EndGlobalSection
	GlobalSection(SolutionProperties) = preSolution
		HideSolutionNode = FALSE
	EndGlobalSection
	GlobalSection(ExtensibilityGlobals) = postSolution
		SolutionGuid = {1BEA505A-845E-4601-AA4B-3089378D5D00}
	EndGlobalSection
EndGlobal
