
Microsoft Visual Studio Solution File, Format Version 12.00
# Visual Studio Version 17
VisualStudioVersion = 17.5.33516.290
MinimumVisualStudioVersion = 10.0.40219.1
Project("{FAE04EC0-301F-11D3-BF4B-00C04F79EFBC}") = "01. Cinema", "01. Cinema.csproj", "{FD999C58-5162-4B3E-ABBA-CE95C7C85290}"
EndProject
Global
	GlobalSection(SolutionConfigurationPlatforms) = preSolution
		Debug|Any CPU = Debug|Any CPU
		Release|Any CPU = Release|Any CPU
	EndGlobalSection
	GlobalSection(ProjectConfigurationPlatforms) = postSolution
		{FD999C58-5162-4B3E-ABBA-CE95C7C85290}.Debug|Any CPU.ActiveCfg = Debug|Any CPU
		{FD999C58-5162-4B3E-ABBA-CE95C7C85290}.Debug|Any CPU.Build.0 = Debug|Any CPU
		{FD999C58-5162-4B3E-ABBA-CE95C7C85290}.Release|Any CPU.ActiveCfg = Release|Any CPU
		{FD999C58-5162-4B3E-ABBA-CE95C7C85290}.Release|Any CPU.Build.0 = Release|Any CPU
	EndGlobalSection
	GlobalSection(SolutionProperties) = preSolution
		HideSolutionNode = FALSE
	EndGlobalSection
	GlobalSection(ExtensibilityGlobals) = postSolution
		SolutionGuid = {2D7464D0-4CD6-4967-852D-67FF66CDA018}
	EndGlobalSection
EndGlobal
