
Microsoft Visual Studio Solution File, Format Version 12.00
# Visual Studio Version 17
VisualStudioVersion = 17.5.33516.290
MinimumVisualStudioVersion = 10.0.40219.1
Project("{FAE04EC0-301F-11D3-BF4B-00C04F79EFBC}") = "02. Half Sum Element", "02. Half Sum Element.csproj", "{5EE5C2EB-7B83-4E80-8405-54483C8058DC}"
EndProject
Global
	GlobalSection(SolutionConfigurationPlatforms) = preSolution
		Debug|Any CPU = Debug|Any CPU
		Release|Any CPU = Release|Any CPU
	EndGlobalSection
	GlobalSection(ProjectConfigurationPlatforms) = postSolution
		{5EE5C2EB-7B83-4E80-8405-54483C8058DC}.Debug|Any CPU.ActiveCfg = Debug|Any CPU
		{5EE5C2EB-7B83-4E80-8405-54483C8058DC}.Debug|Any CPU.Build.0 = Debug|Any CPU
		{5EE5C2EB-7B83-4E80-8405-54483C8058DC}.Release|Any CPU.ActiveCfg = Release|Any CPU
		{5EE5C2EB-7B83-4E80-8405-54483C8058DC}.Release|Any CPU.Build.0 = Release|Any CPU
	EndGlobalSection
	GlobalSection(SolutionProperties) = preSolution
		HideSolutionNode = FALSE
	EndGlobalSection
	GlobalSection(ExtensibilityGlobals) = postSolution
		SolutionGuid = {D714D13C-477D-4EB6-AA50-F412139C7987}
	EndGlobalSection
EndGlobal
