
Microsoft Visual Studio Solution File, Format Version 12.00
# Visual Studio Version 17
VisualStudioVersion = 17.5.33516.290
MinimumVisualStudioVersion = 10.0.40219.1
Project("{FAE04EC0-301F-11D3-BF4B-00C04F79EFBC}") = "03. New House", "03. New House.csproj", "{EE2FC2D2-5829-44CF-99DA-D681C271EDB8}"
EndProject
Global
	GlobalSection(SolutionConfigurationPlatforms) = preSolution
		Debug|Any CPU = Debug|Any CPU
		Release|Any CPU = Release|Any CPU
	EndGlobalSection
	GlobalSection(ProjectConfigurationPlatforms) = postSolution
		{EE2FC2D2-5829-44CF-99DA-D681C271EDB8}.Debug|Any CPU.ActiveCfg = Debug|Any CPU
		{EE2FC2D2-5829-44CF-99DA-D681C271EDB8}.Debug|Any CPU.Build.0 = Debug|Any CPU
		{EE2FC2D2-5829-44CF-99DA-D681C271EDB8}.Release|Any CPU.ActiveCfg = Release|Any CPU
		{EE2FC2D2-5829-44CF-99DA-D681C271EDB8}.Release|Any CPU.Build.0 = Release|Any CPU
	EndGlobalSection
	GlobalSection(SolutionProperties) = preSolution
		HideSolutionNode = FALSE
	EndGlobalSection
	GlobalSection(ExtensibilityGlobals) = postSolution
		SolutionGuid = {381AE1E7-6823-49EB-A6DC-7882157DFDB0}
	EndGlobalSection
EndGlobal
