
Microsoft Visual Studio Solution File, Format Version 12.00
# Visual Studio Version 17
VisualStudioVersion = 17.5.33516.290
MinimumVisualStudioVersion = 10.0.40219.1
Project("{FAE04EC0-301F-11D3-BF4B-00C04F79EFBC}") = "05. Decrypting Message", "05. Decrypting Message.csproj", "{205B0088-1386-496D-8A4C-2DFCB6882DBE}"
EndProject
Global
	GlobalSection(SolutionConfigurationPlatforms) = preSolution
		Debug|Any CPU = Debug|Any CPU
		Release|Any CPU = Release|Any CPU
	EndGlobalSection
	GlobalSection(ProjectConfigurationPlatforms) = postSolution
		{205B0088-1386-496D-8A4C-2DFCB6882DBE}.Debug|Any CPU.ActiveCfg = Debug|Any CPU
		{205B0088-1386-496D-8A4C-2DFCB6882DBE}.Debug|Any CPU.Build.0 = Debug|Any CPU
		{205B0088-1386-496D-8A4C-2DFCB6882DBE}.Release|Any CPU.ActiveCfg = Release|Any CPU
		{205B0088-1386-496D-8A4C-2DFCB6882DBE}.Release|Any CPU.Build.0 = Release|Any CPU
	EndGlobalSection
	GlobalSection(SolutionProperties) = preSolution
		HideSolutionNode = FALSE
	EndGlobalSection
	GlobalSection(ExtensibilityGlobals) = postSolution
		SolutionGuid = {44E90525-6118-46B7-9427-12916F1EA599}
	EndGlobalSection
EndGlobal
