
Microsoft Visual Studio Solution File, Format Version 12.00
# Visual Studio Version 17
VisualStudioVersion = 17.5.33516.290
MinimumVisualStudioVersion = 10.0.40219.1
Project("{FAE04EC0-301F-11D3-BF4B-00C04F79EFBC}") = "13. Holidays Between Two Dates", "13. Holidays Between Two Dates.csproj", "{5963E072-BDA9-4BCC-9584-4473713CEF0C}"
EndProject
Global
	GlobalSection(SolutionConfigurationPlatforms) = preSolution
		Debug|Any CPU = Debug|Any CPU
		Release|Any CPU = Release|Any CPU
	EndGlobalSection
	GlobalSection(ProjectConfigurationPlatforms) = postSolution
		{5963E072-BDA9-4BCC-9584-4473713CEF0C}.Debug|Any CPU.ActiveCfg = Debug|Any CPU
		{5963E072-BDA9-4BCC-9584-4473713CEF0C}.Debug|Any CPU.Build.0 = Debug|Any CPU
		{5963E072-BDA9-4BCC-9584-4473713CEF0C}.Release|Any CPU.ActiveCfg = Release|Any CPU
		{5963E072-BDA9-4BCC-9584-4473713CEF0C}.Release|Any CPU.Build.0 = Release|Any CPU
	EndGlobalSection
	GlobalSection(SolutionProperties) = preSolution
		HideSolutionNode = FALSE
	EndGlobalSection
	GlobalSection(ExtensibilityGlobals) = postSolution
		SolutionGuid = {CED810AE-763A-467B-9750-99A643220DA0}
	EndGlobalSection
EndGlobal
