
Microsoft Visual Studio Solution File, Format Version 12.00
# Visual Studio Version 17
VisualStudioVersion = 17.8.34330.188
MinimumVisualStudioVersion = 10.0.40219.1
Project("{FAE04EC0-301F-11D3-BF4B-00C04F79EFBC}") = "Prototype", "Prototype\Prototype.csproj", "{17CBDB05-0FB8-4896-AD47-466FD10CC2FA}"
EndProject
Project("{FAE04EC0-301F-11D3-BF4B-00C04F79EFBC}") = "Composite", "Composite\Composite.csproj", "{8E124E43-7EFC-497C-B817-A37F3C053B37}"
EndProject
Project("{FAE04EC0-301F-11D3-BF4B-00C04F79EFBC}") = "TemplatePattern", "TemplatePattern\TemplatePattern.csproj", "{7EB8B712-1266-4234-A85B-8F5C533C2693}"
EndProject
Global
	GlobalSection(SolutionConfigurationPlatforms) = preSolution
		Debug|Any CPU = Debug|Any CPU
		Release|Any CPU = Release|Any CPU
	EndGlobalSection
	GlobalSection(ProjectConfigurationPlatforms) = postSolution
		{17CBDB05-0FB8-4896-AD47-466FD10CC2FA}.Debug|Any CPU.ActiveCfg = Debug|Any CPU
		{17CBDB05-0FB8-4896-AD47-466FD10CC2FA}.Debug|Any CPU.Build.0 = Debug|Any CPU
		{17CBDB05-0FB8-4896-AD47-466FD10CC2FA}.Release|Any CPU.ActiveCfg = Release|Any CPU
		{17CBDB05-0FB8-4896-AD47-466FD10CC2FA}.Release|Any CPU.Build.0 = Release|Any CPU
		{8E124E43-7EFC-497C-B817-A37F3C053B37}.Debug|Any CPU.ActiveCfg = Debug|Any CPU
		{8E124E43-7EFC-497C-B817-A37F3C053B37}.Debug|Any CPU.Build.0 = Debug|Any CPU
		{8E124E43-7EFC-497C-B817-A37F3C053B37}.Release|Any CPU.ActiveCfg = Release|Any CPU
		{8E124E43-7EFC-497C-B817-A37F3C053B37}.Release|Any CPU.Build.0 = Release|Any CPU
		{7EB8B712-1266-4234-A85B-8F5C533C2693}.Debug|Any CPU.ActiveCfg = Debug|Any CPU
		{7EB8B712-1266-4234-A85B-8F5C533C2693}.Debug|Any CPU.Build.0 = Debug|Any CPU
		{7EB8B712-1266-4234-A85B-8F5C533C2693}.Release|Any CPU.ActiveCfg = Release|Any CPU
		{7EB8B712-1266-4234-A85B-8F5C533C2693}.Release|Any CPU.Build.0 = Release|Any CPU
	EndGlobalSection
	GlobalSection(SolutionProperties) = preSolution
		HideSolutionNode = FALSE
	EndGlobalSection
	GlobalSection(ExtensibilityGlobals) = postSolution
		SolutionGuid = {92A3A49D-7FBF-4D25-9396-20EDC0C104AA}
	EndGlobalSection
EndGlobal
