
Microsoft Visual Studio Solution File, Format Version 12.00
# Visual Studio Version 17
VisualStudioVersion = 17.5.33516.290
MinimumVisualStudioVersion = 10.0.40219.1
Project("{FAE04EC0-301F-11D3-BF4B-00C04F79EFBC}") = "06. Reversed Chars", "06. Reversed Chars.csproj", "{77FE7066-1085-4667-B9A2-E2C615DCD787}"
EndProject
Global
	GlobalSection(SolutionConfigurationPlatforms) = preSolution
		Debug|Any CPU = Debug|Any CPU
		Release|Any CPU = Release|Any CPU
	EndGlobalSection
	GlobalSection(ProjectConfigurationPlatforms) = postSolution
		{77FE7066-1085-4667-B9A2-E2C615DCD787}.Debug|Any CPU.ActiveCfg = Debug|Any CPU
		{77FE7066-1085-4667-B9A2-E2C615DCD787}.Debug|Any CPU.Build.0 = Debug|Any CPU
		{77FE7066-1085-4667-B9A2-E2C615DCD787}.Release|Any CPU.ActiveCfg = Release|Any CPU
		{77FE7066-1085-4667-B9A2-E2C615DCD787}.Release|Any CPU.Build.0 = Release|Any CPU
	EndGlobalSection
	GlobalSection(SolutionProperties) = preSolution
		HideSolutionNode = FALSE
	EndGlobalSection
	GlobalSection(ExtensibilityGlobals) = postSolution
		SolutionGuid = {5F275EF3-6D37-493D-A3ED-289A28C0E861}
	EndGlobalSection
EndGlobal
