
Microsoft Visual Studio Solution File, Format Version 12.00
# Visual Studio Version 17
VisualStudioVersion = 17.5.33516.290
MinimumVisualStudioVersion = 10.0.40219.1
Project("{FAE04EC0-301F-11D3-BF4B-00C04F79EFBC}") = "04. Sum of Two Numbers", "04. Sum of Two Numbers.csproj", "{B7299484-9A63-4258-8A35-BEE78ECEC328}"
EndProject
Global
	GlobalSection(SolutionConfigurationPlatforms) = preSolution
		Debug|Any CPU = Debug|Any CPU
		Release|Any CPU = Release|Any CPU
	EndGlobalSection
	GlobalSection(ProjectConfigurationPlatforms) = postSolution
		{B7299484-9A63-4258-8A35-BEE78ECEC328}.Debug|Any CPU.ActiveCfg = Debug|Any CPU
		{B7299484-9A63-4258-8A35-BEE78ECEC328}.Debug|Any CPU.Build.0 = Debug|Any CPU
		{B7299484-9A63-4258-8A35-BEE78ECEC328}.Release|Any CPU.ActiveCfg = Release|Any CPU
		{B7299484-9A63-4258-8A35-BEE78ECEC328}.Release|Any CPU.Build.0 = Release|Any CPU
	EndGlobalSection
	GlobalSection(SolutionProperties) = preSolution
		HideSolutionNode = FALSE
	EndGlobalSection
	GlobalSection(ExtensibilityGlobals) = postSolution
		SolutionGuid = {3D03A12C-CD2D-42F1-B355-D99CA4B03749}
	EndGlobalSection
EndGlobal
