
Microsoft Visual Studio Solution File, Format Version 12.00
# Visual Studio Version 17
VisualStudioVersion = 17.8.34330.188
MinimumVisualStudioVersion = 10.0.40219.1
Project("{9A19103F-16F7-4668-BE54-9A1E7A4F7556}") = "ClassBoxData", "ClassBoxData\ClassBoxData.csproj", "{AAEFB575-B36D-4F0D-8147-2647F17AFE6D}"
EndProject
Project("{9A19103F-16F7-4668-BE54-9A1E7A4F7556}") = "PizzaCalories", "PizzaCalories\PizzaCalories.csproj", "{E2EA9627-6F41-45C0-8716-F3C9D6090AD1}"
EndProject
Project("{FAE04EC0-301F-11D3-BF4B-00C04F79EFBC}") = "AnimalFarm", "AnimalFarm\AnimalFarm.csproj", "{0A08AFC4-B20E-46DA-B0A8-41A4FB20622C}"
EndProject
Project("{FAE04EC0-301F-11D3-BF4B-00C04F79EFBC}") = "ShoppingSpree", "ShoppingSpree\ShoppingSpree.csproj", "{97015469-4019-4A6A-A778-6F9BF32985FF}"
EndProject
Project("{FAE04EC0-301F-11D3-BF4B-00C04F79EFBC}") = "FootballTeamGenerator", "FootballTeamGenerator\FootballTeamGenerator.csproj", "{B8F25E22-488F-4C02-A012-B6B4E50A8547}"
EndProject
Global
	GlobalSection(SolutionConfigurationPlatforms) = preSolution
		Debug|Any CPU = Debug|Any CPU
		Release|Any CPU = Release|Any CPU
	EndGlobalSection
	GlobalSection(ProjectConfigurationPlatforms) = postSolution
		{AAEFB575-B36D-4F0D-8147-2647F17AFE6D}.Debug|Any CPU.ActiveCfg = Debug|Any CPU
		{AAEFB575-B36D-4F0D-8147-2647F17AFE6D}.Debug|Any CPU.Build.0 = Debug|Any CPU
		{AAEFB575-B36D-4F0D-8147-2647F17AFE6D}.Release|Any CPU.ActiveCfg = Release|Any CPU
		{AAEFB575-B36D-4F0D-8147-2647F17AFE6D}.Release|Any CPU.Build.0 = Release|Any CPU
		{E2EA9627-6F41-45C0-8716-F3C9D6090AD1}.Debug|Any CPU.ActiveCfg = Debug|Any CPU
		{E2EA9627-6F41-45C0-8716-F3C9D6090AD1}.Debug|Any CPU.Build.0 = Debug|Any CPU
		{E2EA9627-6F41-45C0-8716-F3C9D6090AD1}.Release|Any CPU.ActiveCfg = Release|Any CPU
		{E2EA9627-6F41-45C0-8716-F3C9D6090AD1}.Release|Any CPU.Build.0 = Release|Any CPU
		{0A08AFC4-B20E-46DA-B0A8-41A4FB20622C}.Debug|Any CPU.ActiveCfg = Debug|Any CPU
		{0A08AFC4-B20E-46DA-B0A8-41A4FB20622C}.Debug|Any CPU.Build.0 = Debug|Any CPU
		{0A08AFC4-B20E-46DA-B0A8-41A4FB20622C}.Release|Any CPU.ActiveCfg = Release|Any CPU
		{0A08AFC4-B20E-46DA-B0A8-41A4FB20622C}.Release|Any CPU.Build.0 = Release|Any CPU
		{97015469-4019-4A6A-A778-6F9BF32985FF}.Debug|Any CPU.ActiveCfg = Debug|Any CPU
		{97015469-4019-4A6A-A778-6F9BF32985FF}.Debug|Any CPU.Build.0 = Debug|Any CPU
		{97015469-4019-4A6A-A778-6F9BF32985FF}.Release|Any CPU.ActiveCfg = Release|Any CPU
		{97015469-4019-4A6A-A778-6F9BF32985FF}.Release|Any CPU.Build.0 = Release|Any CPU
		{B8F25E22-488F-4C02-A012-B6B4E50A8547}.Debug|Any CPU.ActiveCfg = Debug|Any CPU
		{B8F25E22-488F-4C02-A012-B6B4E50A8547}.Debug|Any CPU.Build.0 = Debug|Any CPU
		{B8F25E22-488F-4C02-A012-B6B4E50A8547}.Release|Any CPU.ActiveCfg = Release|Any CPU
		{B8F25E22-488F-4C02-A012-B6B4E50A8547}.Release|Any CPU.Build.0 = Release|Any CPU
	EndGlobalSection
	GlobalSection(SolutionProperties) = preSolution
		HideSolutionNode = FALSE
	EndGlobalSection
	GlobalSection(ExtensibilityGlobals) = postSolution
		SolutionGuid = {F80A2323-F9F9-4699-8F88-B625340AEC0B}
	EndGlobalSection
EndGlobal
