
Microsoft Visual Studio Solution File, Format Version 12.00
# Visual Studio Version 17
VisualStudioVersion = 17.5.33516.290
MinimumVisualStudioVersion = 10.0.40219.1
Project("{FAE04EC0-301F-11D3-BF4B-00C04F79EFBC}") = "10. Multiplication Table", "10. Multiplication Table.csproj", "{81A94277-F556-412C-B15B-7D444957D5F9}"
EndProject
Global
	GlobalSection(SolutionConfigurationPlatforms) = preSolution
		Debug|Any CPU = Debug|Any CPU
		Release|Any CPU = Release|Any CPU
	EndGlobalSection
	GlobalSection(ProjectConfigurationPlatforms) = postSolution
		{81A94277-F556-412C-B15B-7D444957D5F9}.Debug|Any CPU.ActiveCfg = Debug|Any CPU
		{81A94277-F556-412C-B15B-7D444957D5F9}.Debug|Any CPU.Build.0 = Debug|Any CPU
		{81A94277-F556-412C-B15B-7D444957D5F9}.Release|Any CPU.ActiveCfg = Release|Any CPU
		{81A94277-F556-412C-B15B-7D444957D5F9}.Release|Any CPU.Build.0 = Release|Any CPU
	EndGlobalSection
	GlobalSection(SolutionProperties) = preSolution
		HideSolutionNode = FALSE
	EndGlobalSection
	GlobalSection(ExtensibilityGlobals) = postSolution
		SolutionGuid = {18239FF5-37F2-43A5-882B-D9EBC13C1477}
	EndGlobalSection
EndGlobal
