
Microsoft Visual Studio Solution File, Format Version 12.00
# Visual Studio Version 17
VisualStudioVersion = 17.5.33516.290
MinimumVisualStudioVersion = 10.0.40219.1
Project("{FAE04EC0-301F-11D3-BF4B-00C04F79EFBC}") = "07. Equal Arrays", "07. Equal Arrays.csproj", "{AFEBE739-26D0-4168-8DC4-905B790C6042}"
EndProject
Global
	GlobalSection(SolutionConfigurationPlatforms) = preSolution
		Debug|Any CPU = Debug|Any CPU
		Release|Any CPU = Release|Any CPU
	EndGlobalSection
	GlobalSection(ProjectConfigurationPlatforms) = postSolution
		{AFEBE739-26D0-4168-8DC4-905B790C6042}.Debug|Any CPU.ActiveCfg = Debug|Any CPU
		{AFEBE739-26D0-4168-8DC4-905B790C6042}.Debug|Any CPU.Build.0 = Debug|Any CPU
		{AFEBE739-26D0-4168-8DC4-905B790C6042}.Release|Any CPU.ActiveCfg = Release|Any CPU
		{AFEBE739-26D0-4168-8DC4-905B790C6042}.Release|Any CPU.Build.0 = Release|Any CPU
	EndGlobalSection
	GlobalSection(SolutionProperties) = preSolution
		HideSolutionNode = FALSE
	EndGlobalSection
	GlobalSection(ExtensibilityGlobals) = postSolution
		SolutionGuid = {9AEC18ED-C370-4A26-83E1-C514618E4CF4}
	EndGlobalSection
EndGlobal
