
Microsoft Visual Studio Solution File, Format Version 12.00
# Visual Studio Version 17
VisualStudioVersion = 17.8.34330.188
MinimumVisualStudioVersion = 10.0.40219.1
Project("{9A19103F-16F7-4668-BE54-9A1E7A4F7556}") = "Animals", "Animals\Animals.csproj", "{19779031-1C7D-4469-BBE4-8E8BCB5036C1}"
EndProject
Project("{FAE04EC0-301F-11D3-BF4B-00C04F79EFBC}") = "MathOperations", "MathOperations\MathOperations.csproj", "{E9CE94E1-117C-46A4-BC59-D518D19CF2D5}"
EndProject
Project("{FAE04EC0-301F-11D3-BF4B-00C04F79EFBC}") = "Shapes", "Shapes\Shapes.csproj", "{DFA5838F-DE8A-4FC5-8743-DCEDD4D78D29}"
EndProject
Global
	GlobalSection(SolutionConfigurationPlatforms) = preSolution
		Debug|Any CPU = Debug|Any CPU
		Release|Any CPU = Release|Any CPU
	EndGlobalSection
	GlobalSection(ProjectConfigurationPlatforms) = postSolution
		{19779031-1C7D-4469-BBE4-8E8BCB5036C1}.Debug|Any CPU.ActiveCfg = Debug|Any CPU
		{19779031-1C7D-4469-BBE4-8E8BCB5036C1}.Debug|Any CPU.Build.0 = Debug|Any CPU
		{19779031-1C7D-4469-BBE4-8E8BCB5036C1}.Release|Any CPU.ActiveCfg = Release|Any CPU
		{19779031-1C7D-4469-BBE4-8E8BCB5036C1}.Release|Any CPU.Build.0 = Release|Any CPU
		{E9CE94E1-117C-46A4-BC59-D518D19CF2D5}.Debug|Any CPU.ActiveCfg = Debug|Any CPU
		{E9CE94E1-117C-46A4-BC59-D518D19CF2D5}.Debug|Any CPU.Build.0 = Debug|Any CPU
		{E9CE94E1-117C-46A4-BC59-D518D19CF2D5}.Release|Any CPU.ActiveCfg = Release|Any CPU
		{E9CE94E1-117C-46A4-BC59-D518D19CF2D5}.Release|Any CPU.Build.0 = Release|Any CPU
		{DFA5838F-DE8A-4FC5-8743-DCEDD4D78D29}.Debug|Any CPU.ActiveCfg = Debug|Any CPU
		{DFA5838F-DE8A-4FC5-8743-DCEDD4D78D29}.Debug|Any CPU.Build.0 = Debug|Any CPU
		{DFA5838F-DE8A-4FC5-8743-DCEDD4D78D29}.Release|Any CPU.ActiveCfg = Release|Any CPU
		{DFA5838F-DE8A-4FC5-8743-DCEDD4D78D29}.Release|Any CPU.Build.0 = Release|Any CPU
	EndGlobalSection
	GlobalSection(SolutionProperties) = preSolution
		HideSolutionNode = FALSE
	EndGlobalSection
	GlobalSection(ExtensibilityGlobals) = postSolution
		SolutionGuid = {D72D9E65-E1DB-4FF1-AFD4-103C18952693}
	EndGlobalSection
EndGlobal
