
Microsoft Visual Studio Solution File, Format Version 12.00
# Visual Studio Version 17
VisualStudioVersion = 17.5.33516.290
MinimumVisualStudioVersion = 10.0.40219.1
Project("{FAE04EC0-301F-11D3-BF4B-00C04F79EFBC}") = "03. Numbers 1 to N with Step 3", "03. Numbers 1 to N with Step 3.csproj", "{0B9B1FCC-375A-421B-8FA3-FF2B5982EAD1}"
EndProject
Global
	GlobalSection(SolutionConfigurationPlatforms) = preSolution
		Debug|Any CPU = Debug|Any CPU
		Release|Any CPU = Release|Any CPU
	EndGlobalSection
	GlobalSection(ProjectConfigurationPlatforms) = postSolution
		{0B9B1FCC-375A-421B-8FA3-FF2B5982EAD1}.Debug|Any CPU.ActiveCfg = Debug|Any CPU
		{0B9B1FCC-375A-421B-8FA3-FF2B5982EAD1}.Debug|Any CPU.Build.0 = Debug|Any CPU
		{0B9B1FCC-375A-421B-8FA3-FF2B5982EAD1}.Release|Any CPU.ActiveCfg = Release|Any CPU
		{0B9B1FCC-375A-421B-8FA3-FF2B5982EAD1}.Release|Any CPU.Build.0 = Release|Any CPU
	EndGlobalSection
	GlobalSection(SolutionProperties) = preSolution
		HideSolutionNode = FALSE
	EndGlobalSection
	GlobalSection(ExtensibilityGlobals) = postSolution
		SolutionGuid = {E2F6A0B5-F45E-4799-BA8F-D067ED974276}
	EndGlobalSection
EndGlobal
