
Microsoft Visual Studio Solution File, Format Version 12.00
# Visual Studio Version 17
VisualStudioVersion = 17.5.33516.290
MinimumVisualStudioVersion = 10.0.40219.1
Project("{9A19103F-16F7-4668-BE54-9A1E7A4F7556}") = "02. Oldest Family Member", "02. Oldest Family Member\02. Oldest Family Member.csproj", "{7756155B-94CC-4A38-B17D-8EBDD65C7912}"
EndProject
Project("{9A19103F-16F7-4668-BE54-9A1E7A4F7556}") = "03. Speed Racing", "03. Speed Racing\03. Speed Racing.csproj", "{B1E024AC-DE5F-41B5-A13A-2468719C4157}"
EndProject
Project("{9A19103F-16F7-4668-BE54-9A1E7A4F7556}") = "01. Company Roster", "01. Company Roster\01. Company Roster.csproj", "{1C8E3FC5-11B4-432D-BE98-AC7AD46D3632}"
EndProject
Project("{FAE04EC0-301F-11D3-BF4B-00C04F79EFBC}") = "04. Raw Data", "04. Raw Data\04. Raw Data.csproj", "{06234343-D205-4152-9C6C-8A11931B0A3A}"
EndProject
Project("{FAE04EC0-301F-11D3-BF4B-00C04F79EFBC}") = "05. Shopping Spree", "05. Shopping Spree\05. Shopping Spree.csproj", "{FD33CF5C-DE6E-4B9C-99D5-93B63DBCFF8E}"
EndProject
Global
	GlobalSection(SolutionConfigurationPlatforms) = preSolution
		Debug|Any CPU = Debug|Any CPU
		Release|Any CPU = Release|Any CPU
	EndGlobalSection
	GlobalSection(ProjectConfigurationPlatforms) = postSolution
		{7756155B-94CC-4A38-B17D-8EBDD65C7912}.Debug|Any CPU.ActiveCfg = Debug|Any CPU
		{7756155B-94CC-4A38-B17D-8EBDD65C7912}.Debug|Any CPU.Build.0 = Debug|Any CPU
		{7756155B-94CC-4A38-B17D-8EBDD65C7912}.Release|Any CPU.ActiveCfg = Release|Any CPU
		{7756155B-94CC-4A38-B17D-8EBDD65C7912}.Release|Any CPU.Build.0 = Release|Any CPU
		{B1E024AC-DE5F-41B5-A13A-2468719C4157}.Debug|Any CPU.ActiveCfg = Debug|Any CPU
		{B1E024AC-DE5F-41B5-A13A-2468719C4157}.Debug|Any CPU.Build.0 = Debug|Any CPU
		{B1E024AC-DE5F-41B5-A13A-2468719C4157}.Release|Any CPU.ActiveCfg = Release|Any CPU
		{B1E024AC-DE5F-41B5-A13A-2468719C4157}.Release|Any CPU.Build.0 = Release|Any CPU
		{1C8E3FC5-11B4-432D-BE98-AC7AD46D3632}.Debug|Any CPU.ActiveCfg = Debug|Any CPU
		{1C8E3FC5-11B4-432D-BE98-AC7AD46D3632}.Debug|Any CPU.Build.0 = Debug|Any CPU
		{1C8E3FC5-11B4-432D-BE98-AC7AD46D3632}.Release|Any CPU.ActiveCfg = Release|Any CPU
		{1C8E3FC5-11B4-432D-BE98-AC7AD46D3632}.Release|Any CPU.Build.0 = Release|Any CPU
		{06234343-D205-4152-9C6C-8A11931B0A3A}.Debug|Any CPU.ActiveCfg = Debug|Any CPU
		{06234343-D205-4152-9C6C-8A11931B0A3A}.Debug|Any CPU.Build.0 = Debug|Any CPU
		{06234343-D205-4152-9C6C-8A11931B0A3A}.Release|Any CPU.ActiveCfg = Release|Any CPU
		{06234343-D205-4152-9C6C-8A11931B0A3A}.Release|Any CPU.Build.0 = Release|Any CPU
		{FD33CF5C-DE6E-4B9C-99D5-93B63DBCFF8E}.Debug|Any CPU.ActiveCfg = Debug|Any CPU
		{FD33CF5C-DE6E-4B9C-99D5-93B63DBCFF8E}.Debug|Any CPU.Build.0 = Debug|Any CPU
		{FD33CF5C-DE6E-4B9C-99D5-93B63DBCFF8E}.Release|Any CPU.ActiveCfg = Release|Any CPU
		{FD33CF5C-DE6E-4B9C-99D5-93B63DBCFF8E}.Release|Any CPU.Build.0 = Release|Any CPU
	EndGlobalSection
	GlobalSection(SolutionProperties) = preSolution
		HideSolutionNode = FALSE
	EndGlobalSection
	GlobalSection(ExtensibilityGlobals) = postSolution
		SolutionGuid = {04697E97-6FDC-4CDD-BA11-D89420EF837A}
	EndGlobalSection
EndGlobal
