
Microsoft Visual Studio Solution File, Format Version 12.00
# Visual Studio Version 17
VisualStudioVersion = 17.12.35514.174 d17.12
MinimumVisualStudioVersion = 10.0.40219.1
Project("{FAE04EC0-301F-11D3-BF4B-00C04F79EFBC}") = "Zad 25", "Zad 25\Zad 25.csproj", "{58FB6AD0-9136-4601-BC5A-3DD1DEEA5CA2}"
EndProject
Project("{FAE04EC0-301F-11D3-BF4B-00C04F79EFBC}") = "Zad 26", "Zad 26\Zad 26.csproj", "{DDBA921F-A5B6-4439-B02F-4FB4AEAA987B}"
EndProject
Project("{FAE04EC0-301F-11D3-BF4B-00C04F79EFBC}") = "Zad 27", "Zad 27\Zad 27.csproj", "{9C15CAE4-7DC3-4A93-8E5F-0EE296FFAA62}"
EndProject
Global
	GlobalSection(SolutionConfigurationPlatforms) = preSolution
		Debug|Any CPU = Debug|Any CPU
		Release|Any CPU = Release|Any CPU
	EndGlobalSection
	GlobalSection(ProjectConfigurationPlatforms) = postSolution
		{58FB6AD0-9136-4601-BC5A-3DD1DEEA5CA2}.Debug|Any CPU.ActiveCfg = Debug|Any CPU
		{58FB6AD0-9136-4601-BC5A-3DD1DEEA5CA2}.Debug|Any CPU.Build.0 = Debug|Any CPU
		{58FB6AD0-9136-4601-BC5A-3DD1DEEA5CA2}.Release|Any CPU.ActiveCfg = Release|Any CPU
		{58FB6AD0-9136-4601-BC5A-3DD1DEEA5CA2}.Release|Any CPU.Build.0 = Release|Any CPU
		{DDBA921F-A5B6-4439-B02F-4FB4AEAA987B}.Debug|Any CPU.ActiveCfg = Debug|Any CPU
		{DDBA921F-A5B6-4439-B02F-4FB4AEAA987B}.Debug|Any CPU.Build.0 = Debug|Any CPU
		{DDBA921F-A5B6-4439-B02F-4FB4AEAA987B}.Release|Any CPU.ActiveCfg = Release|Any CPU
		{DDBA921F-A5B6-4439-B02F-4FB4AEAA987B}.Release|Any CPU.Build.0 = Release|Any CPU
		{9C15CAE4-7DC3-4A93-8E5F-0EE296FFAA62}.Debug|Any CPU.ActiveCfg = Debug|Any CPU
		{9C15CAE4-7DC3-4A93-8E5F-0EE296FFAA62}.Debug|Any CPU.Build.0 = Debug|Any CPU
		{9C15CAE4-7DC3-4A93-8E5F-0EE296FFAA62}.Release|Any CPU.ActiveCfg = Release|Any CPU
		{9C15CAE4-7DC3-4A93-8E5F-0EE296FFAA62}.Release|Any CPU.Build.0 = Release|Any CPU
	EndGlobalSection
	GlobalSection(SolutionProperties) = preSolution
		HideSolutionNode = FALSE
	EndGlobalSection
EndGlobal
