
Microsoft Visual Studio Solution File, Format Version 12.00
# Visual Studio Version 17
VisualStudioVersion = 17.5.33516.290
MinimumVisualStudioVersion = 10.0.40219.1
Project("{FAE04EC0-301F-11D3-BF4B-00C04F79EFBC}") = "05. Print Part Of ASCII Table", "05. Print Part Of ASCII Table.csproj", "{B8B5BF7C-28DD-4DB8-915D-C8B02740228D}"
EndProject
Global
	GlobalSection(SolutionConfigurationPlatforms) = preSolution
		Debug|Any CPU = Debug|Any CPU
		Release|Any CPU = Release|Any CPU
	EndGlobalSection
	GlobalSection(ProjectConfigurationPlatforms) = postSolution
		{B8B5BF7C-28DD-4DB8-915D-C8B02740228D}.Debug|Any CPU.ActiveCfg = Debug|Any CPU
		{B8B5BF7C-28DD-4DB8-915D-C8B02740228D}.Debug|Any CPU.Build.0 = Debug|Any CPU
		{B8B5BF7C-28DD-4DB8-915D-C8B02740228D}.Release|Any CPU.ActiveCfg = Release|Any CPU
		{B8B5BF7C-28DD-4DB8-915D-C8B02740228D}.Release|Any CPU.Build.0 = Release|Any CPU
	EndGlobalSection
	GlobalSection(SolutionProperties) = preSolution
		HideSolutionNode = FALSE
	EndGlobalSection
	GlobalSection(ExtensibilityGlobals) = postSolution
		SolutionGuid = {B5B38DDD-39FC-48DF-8D3C-0471A232D4C2}
	EndGlobalSection
EndGlobal
