
Microsoft Visual Studio Solution File, Format Version 12.00
# Visual Studio Version 17
VisualStudioVersion = 17.5.33516.290
MinimumVisualStudioVersion = 10.0.40219.1
Project("{FAE04EC0-301F-11D3-BF4B-00C04F79EFBC}") = "07. Trekking Mania", "07. Trekking Mania.csproj", "{590710FF-1B60-48C9-AF41-846C0C31EBCA}"
EndProject
Global
	GlobalSection(SolutionConfigurationPlatforms) = preSolution
		Debug|Any CPU = Debug|Any CPU
		Release|Any CPU = Release|Any CPU
	EndGlobalSection
	GlobalSection(ProjectConfigurationPlatforms) = postSolution
		{590710FF-1B60-48C9-AF41-846C0C31EBCA}.Debug|Any CPU.ActiveCfg = Debug|Any CPU
		{590710FF-1B60-48C9-AF41-846C0C31EBCA}.Debug|Any CPU.Build.0 = Debug|Any CPU
		{590710FF-1B60-48C9-AF41-846C0C31EBCA}.Release|Any CPU.ActiveCfg = Release|Any CPU
		{590710FF-1B60-48C9-AF41-846C0C31EBCA}.Release|Any CPU.Build.0 = Release|Any CPU
	EndGlobalSection
	GlobalSection(SolutionProperties) = preSolution
		HideSolutionNode = FALSE
	EndGlobalSection
	GlobalSection(ExtensibilityGlobals) = postSolution
		SolutionGuid = {0B4AA9BD-0EC7-4D70-8196-A638FABF78C0}
	EndGlobalSection
EndGlobal
