
Microsoft Visual Studio Solution File, Format Version 12.00
# Visual Studio Version 17
VisualStudioVersion = 17.9.34728.123
MinimumVisualStudioVersion = 10.0.40219.1
Project("{FAE04EC0-301F-11D3-BF4B-00C04F79EFBC}") = "CustomDI", "CustomDI\CustomDI.csproj", "{168E1C78-AEB0-4A7A-A3E4-3FF2547C1C05}"
EndProject
Project("{FAE04EC0-301F-11D3-BF4B-00C04F79EFBC}") = "CustomDIUsage", "CustomDIUsage\CustomDIUsage.csproj", "{0DBACC23-C1EC-4890-AC3A-2E3F61AEB128}"
EndProject
Global
	GlobalSection(SolutionConfigurationPlatforms) = preSolution
		Debug|Any CPU = Debug|Any CPU
		Release|Any CPU = Release|Any CPU
	EndGlobalSection
	GlobalSection(ProjectConfigurationPlatforms) = postSolution
		{168E1C78-AEB0-4A7A-A3E4-3FF2547C1C05}.Debug|Any CPU.ActiveCfg = Debug|Any CPU
		{168E1C78-AEB0-4A7A-A3E4-3FF2547C1C05}.Debug|Any CPU.Build.0 = Debug|Any CPU
		{168E1C78-AEB0-4A7A-A3E4-3FF2547C1C05}.Release|Any CPU.ActiveCfg = Release|Any CPU
		{168E1C78-AEB0-4A7A-A3E4-3FF2547C1C05}.Release|Any CPU.Build.0 = Release|Any CPU
		{0DBACC23-C1EC-4890-AC3A-2E3F61AEB128}.Debug|Any CPU.ActiveCfg = Debug|Any CPU
		{0DBACC23-C1EC-4890-AC3A-2E3F61AEB128}.Debug|Any CPU.Build.0 = Debug|Any CPU
		{0DBACC23-C1EC-4890-AC3A-2E3F61AEB128}.Release|Any CPU.ActiveCfg = Release|Any CPU
		{0DBACC23-C1EC-4890-AC3A-2E3F61AEB128}.Release|Any CPU.Build.0 = Release|Any CPU
	EndGlobalSection
	GlobalSection(SolutionProperties) = preSolution
		HideSolutionNode = FALSE
	EndGlobalSection
	GlobalSection(ExtensibilityGlobals) = postSolution
		SolutionGuid = {1F7A8E49-F3FA-49FF-B977-B1522A03EABC}
	EndGlobalSection
EndGlobal
