
Microsoft Visual Studio Solution File, Format Version 12.00
# Visual Studio Version 17
VisualStudioVersion = 17.5.33516.290
MinimumVisualStudioVersion = 10.0.40219.1
Project("{FAE04EC0-301F-11D3-BF4B-00C04F79EFBC}") = "04. Clever Lily", "04. Clever Lily.csproj", "{040F568F-61DF-4D9B-9A52-8FD3C5F493D9}"
EndProject
Global
	GlobalSection(SolutionConfigurationPlatforms) = preSolution
		Debug|Any CPU = Debug|Any CPU
		Release|Any CPU = Release|Any CPU
	EndGlobalSection
	GlobalSection(ProjectConfigurationPlatforms) = postSolution
		{040F568F-61DF-4D9B-9A52-8FD3C5F493D9}.Debug|Any CPU.ActiveCfg = Debug|Any CPU
		{040F568F-61DF-4D9B-9A52-8FD3C5F493D9}.Debug|Any CPU.Build.0 = Debug|Any CPU
		{040F568F-61DF-4D9B-9A52-8FD3C5F493D9}.Release|Any CPU.ActiveCfg = Release|Any CPU
		{040F568F-61DF-4D9B-9A52-8FD3C5F493D9}.Release|Any CPU.Build.0 = Release|Any CPU
	EndGlobalSection
	GlobalSection(SolutionProperties) = preSolution
		HideSolutionNode = FALSE
	EndGlobalSection
	GlobalSection(ExtensibilityGlobals) = postSolution
		SolutionGuid = {0F30F428-459F-40A5-913F-19C80C1FC51C}
	EndGlobalSection
EndGlobal
