
Microsoft Visual Studio Solution File, Format Version 12.00
# Visual Studio Version 17
VisualStudioVersion = 17.5.33516.290
MinimumVisualStudioVersion = 10.0.40219.1
Project("{FAE04EC0-301F-11D3-BF4B-00C04F79EFBC}") = "04. Even Powers of 2", "04. Even Powers of 2.csproj", "{DA2FD8B8-FB66-4515-B032-6A8C46C9D6B3}"
EndProject
Global
	GlobalSection(SolutionConfigurationPlatforms) = preSolution
		Debug|Any CPU = Debug|Any CPU
		Release|Any CPU = Release|Any CPU
	EndGlobalSection
	GlobalSection(ProjectConfigurationPlatforms) = postSolution
		{DA2FD8B8-FB66-4515-B032-6A8C46C9D6B3}.Debug|Any CPU.ActiveCfg = Debug|Any CPU
		{DA2FD8B8-FB66-4515-B032-6A8C46C9D6B3}.Debug|Any CPU.Build.0 = Debug|Any CPU
		{DA2FD8B8-FB66-4515-B032-6A8C46C9D6B3}.Release|Any CPU.ActiveCfg = Release|Any CPU
		{DA2FD8B8-FB66-4515-B032-6A8C46C9D6B3}.Release|Any CPU.Build.0 = Release|Any CPU
	EndGlobalSection
	GlobalSection(SolutionProperties) = preSolution
		HideSolutionNode = FALSE
	EndGlobalSection
	GlobalSection(ExtensibilityGlobals) = postSolution
		SolutionGuid = {54F59BED-DC48-4DE1-93B4-0FAD2B376E2C}
	EndGlobalSection
EndGlobal
