
Microsoft Visual Studio Solution File, Format Version 12.00
# Visual Studio Version 17
VisualStudioVersion = 17.10.35122.118
MinimumVisualStudioVersion = 10.0.40219.1
Project("{9A19103F-16F7-4668-BE54-9A1E7A4F7556}") = "MongoEFTest", "MongoEFTest.csproj", "{B250373D-40E0-4DB0-8FB2-D527CD7D80B2}"
EndProject
Project("{2150E333-8FDC-42A3-9474-1A3956D46DE8}") = "Data", "Data", "{95515D8A-FEFD-442B-A38C-A9CBE3FBD3B7}"
EndProject
Project("{9A19103F-16F7-4668-BE54-9A1E7A4F7556}") = "MongoEFTest.Data", "..\MongoEFTest.Data\MongoEFTest.Data.csproj", "{6837D3E3-A4B3-4462-8A4F-1B706804900E}"
EndProject
Project("{9A19103F-16F7-4668-BE54-9A1E7A4F7556}") = "MongoEFTest.Data.Models", "..\MongoEFTest.Data.Models\MongoEFTest.Data.Models.csproj", "{59448142-A325-403D-9679-434A4A81690F}"
EndProject
Project("{2150E333-8FDC-42A3-9474-1A3956D46DE8}") = "Datasets", "Datasets", "{422A5931-2F6B-4191-9CF5-736F48E68916}"
	ProjectSection(SolutionItems) = preProject
		articles.json = articles.json
	EndProjectSection
EndProject
Global
	GlobalSection(SolutionConfigurationPlatforms) = preSolution
		Debug|Any CPU = Debug|Any CPU
		Release|Any CPU = Release|Any CPU
	EndGlobalSection
	GlobalSection(ProjectConfigurationPlatforms) = postSolution
		{B250373D-40E0-4DB0-8FB2-D527CD7D80B2}.Debug|Any CPU.ActiveCfg = Debug|Any CPU
		{B250373D-40E0-4DB0-8FB2-D527CD7D80B2}.Debug|Any CPU.Build.0 = Debug|Any CPU
		{B250373D-40E0-4DB0-8FB2-D527CD7D80B2}.Release|Any CPU.ActiveCfg = Release|Any CPU
		{B250373D-40E0-4DB0-8FB2-D527CD7D80B2}.Release|Any CPU.Build.0 = Release|Any CPU
		{6837D3E3-A4B3-4462-8A4F-1B706804900E}.Debug|Any CPU.ActiveCfg = Debug|Any CPU
		{6837D3E3-A4B3-4462-8A4F-1B706804900E}.Debug|Any CPU.Build.0 = Debug|Any CPU
		{6837D3E3-A4B3-4462-8A4F-1B706804900E}.Release|Any CPU.ActiveCfg = Release|Any CPU
		{6837D3E3-A4B3-4462-8A4F-1B706804900E}.Release|Any CPU.Build.0 = Release|Any CPU
		{59448142-A325-403D-9679-434A4A81690F}.Debug|Any CPU.ActiveCfg = Debug|Any CPU
		{59448142-A325-403D-9679-434A4A81690F}.Debug|Any CPU.Build.0 = Debug|Any CPU
		{59448142-A325-403D-9679-434A4A81690F}.Release|Any CPU.ActiveCfg = Release|Any CPU
		{59448142-A325-403D-9679-434A4A81690F}.Release|Any CPU.Build.0 = Release|Any CPU
	EndGlobalSection
	GlobalSection(SolutionProperties) = preSolution
		HideSolutionNode = FALSE
	EndGlobalSection
	GlobalSection(NestedProjects) = preSolution
		{6837D3E3-A4B3-4462-8A4F-1B706804900E} = {95515D8A-FEFD-442B-A38C-A9CBE3FBD3B7}
		{59448142-A325-403D-9679-434A4A81690F} = {95515D8A-FEFD-442B-A38C-A9CBE3FBD3B7}
		{422A5931-2F6B-4191-9CF5-736F48E68916} = {95515D8A-FEFD-442B-A38C-A9CBE3FBD3B7}
	EndGlobalSection
	GlobalSection(ExtensibilityGlobals) = postSolution
		SolutionGuid = {3C5D4961-ED37-4B4A-BD93-9099192B13A7}
	EndGlobalSection
EndGlobal
