
Microsoft Visual Studio Solution File, Format Version 12.00
# Visual Studio Version 17
VisualStudioVersion = 17.5.33516.290
MinimumVisualStudioVersion = 10.0.40219.1
Project("{FAE04EC0-301F-11D3-BF4B-00C04F79EFBC}") = "03. Longer Line", "03. Longer Line.csproj", "{18EB58F0-01B1-4C7B-9AE0-34A02CBCE669}"
EndProject
Global
	GlobalSection(SolutionConfigurationPlatforms) = preSolution
		Debug|Any CPU = Debug|Any CPU
		Release|Any CPU = Release|Any CPU
	EndGlobalSection
	GlobalSection(ProjectConfigurationPlatforms) = postSolution
		{18EB58F0-01B1-4C7B-9AE0-34A02CBCE669}.Debug|Any CPU.ActiveCfg = Debug|Any CPU
		{18EB58F0-01B1-4C7B-9AE0-34A02CBCE669}.Debug|Any CPU.Build.0 = Debug|Any CPU
		{18EB58F0-01B1-4C7B-9AE0-34A02CBCE669}.Release|Any CPU.ActiveCfg = Release|Any CPU
		{18EB58F0-01B1-4C7B-9AE0-34A02CBCE669}.Release|Any CPU.Build.0 = Release|Any CPU
	EndGlobalSection
	GlobalSection(SolutionProperties) = preSolution
		HideSolutionNode = FALSE
	EndGlobalSection
	GlobalSection(ExtensibilityGlobals) = postSolution
		SolutionGuid = {C9945998-FCBE-4D81-BD9D-FB64E510640A}
	EndGlobalSection
EndGlobal
