
Microsoft Visual Studio Solution File, Format Version 12.00
# Visual Studio Version 17
VisualStudioVersion = 17.12.35514.174 d17.12
MinimumVisualStudioVersion = 10.0.40219.1
Project("{FAE04EC0-301F-11D3-BF4B-00C04F79EFBC}") = "Zad 25", "Zad 25\Zad 25.csproj", "{F599D2CC-49E4-4362-96DF-657979054166}"
EndProject
Project("{FAE04EC0-301F-11D3-BF4B-00C04F79EFBC}") = "Zad 26", "Zad 26\Zad 26.csproj", "{D17C7D0F-8524-48A6-8223-C1EC8DE57328}"
EndProject
Project("{FAE04EC0-301F-11D3-BF4B-00C04F79EFBC}") = "Zad 28", "Zad 28\Zad 28.csproj", "{34029B66-694C-4F25-BB7F-1AC0EDFA0E0F}"
EndProject
Global
	GlobalSection(SolutionConfigurationPlatforms) = preSolution
		Debug|Any CPU = Debug|Any CPU
		Release|Any CPU = Release|Any CPU
	EndGlobalSection
	GlobalSection(ProjectConfigurationPlatforms) = postSolution
		{F599D2CC-49E4-4362-96DF-657979054166}.Debug|Any CPU.ActiveCfg = Debug|Any CPU
		{F599D2CC-49E4-4362-96DF-657979054166}.Debug|Any CPU.Build.0 = Debug|Any CPU
		{F599D2CC-49E4-4362-96DF-657979054166}.Release|Any CPU.ActiveCfg = Release|Any CPU
		{F599D2CC-49E4-4362-96DF-657979054166}.Release|Any CPU.Build.0 = Release|Any CPU
		{D17C7D0F-8524-48A6-8223-C1EC8DE57328}.Debug|Any CPU.ActiveCfg = Debug|Any CPU
		{D17C7D0F-8524-48A6-8223-C1EC8DE57328}.Debug|Any CPU.Build.0 = Debug|Any CPU
		{D17C7D0F-8524-48A6-8223-C1EC8DE57328}.Release|Any CPU.ActiveCfg = Release|Any CPU
		{D17C7D0F-8524-48A6-8223-C1EC8DE57328}.Release|Any CPU.Build.0 = Release|Any CPU
		{34029B66-694C-4F25-BB7F-1AC0EDFA0E0F}.Debug|Any CPU.ActiveCfg = Debug|Any CPU
		{34029B66-694C-4F25-BB7F-1AC0EDFA0E0F}.Debug|Any CPU.Build.0 = Debug|Any CPU
		{34029B66-694C-4F25-BB7F-1AC0EDFA0E0F}.Release|Any CPU.ActiveCfg = Release|Any CPU
		{34029B66-694C-4F25-BB7F-1AC0EDFA0E0F}.Release|Any CPU.Build.0 = Release|Any CPU
	EndGlobalSection
	GlobalSection(SolutionProperties) = preSolution
		HideSolutionNode = FALSE
	EndGlobalSection
EndGlobal
