
Microsoft Visual Studio Solution File, Format Version 12.00
# Visual Studio Version 17
VisualStudioVersion = 17.8.34330.188
MinimumVisualStudioVersion = 10.0.40219.1
Project("{FAE04EC0-301F-11D3-BF4B-00C04F79EFBC}") = "BoxOfT", "BoxOfT\BoxOfT.csproj", "{34AA75C7-CF10-4C1A-8036-3744BFA9EC50}"
EndProject
Project("{FAE04EC0-301F-11D3-BF4B-00C04F79EFBC}") = "GenericArrayCreator", "GenericArrayCreator\GenericArrayCreator.csproj", "{FBA09858-6539-4536-B1C5-63C880A2CC2C}"
EndProject
Project("{FAE04EC0-301F-11D3-BF4B-00C04F79EFBC}") = "GenericScale", "GenericScale\GenericScale.csproj", "{0A9D1AE0-0B1D-4358-931D-AEBACEFAAE7F}"
EndProject
Global
	GlobalSection(SolutionConfigurationPlatforms) = preSolution
		Debug|Any CPU = Debug|Any CPU
		Release|Any CPU = Release|Any CPU
	EndGlobalSection
	GlobalSection(ProjectConfigurationPlatforms) = postSolution
		{34AA75C7-CF10-4C1A-8036-3744BFA9EC50}.Debug|Any CPU.ActiveCfg = Debug|Any CPU
		{34AA75C7-CF10-4C1A-8036-3744BFA9EC50}.Debug|Any CPU.Build.0 = Debug|Any CPU
		{34AA75C7-CF10-4C1A-8036-3744BFA9EC50}.Release|Any CPU.ActiveCfg = Release|Any CPU
		{34AA75C7-CF10-4C1A-8036-3744BFA9EC50}.Release|Any CPU.Build.0 = Release|Any CPU
		{FBA09858-6539-4536-B1C5-63C880A2CC2C}.Debug|Any CPU.ActiveCfg = Debug|Any CPU
		{FBA09858-6539-4536-B1C5-63C880A2CC2C}.Debug|Any CPU.Build.0 = Debug|Any CPU
		{FBA09858-6539-4536-B1C5-63C880A2CC2C}.Release|Any CPU.ActiveCfg = Release|Any CPU
		{FBA09858-6539-4536-B1C5-63C880A2CC2C}.Release|Any CPU.Build.0 = Release|Any CPU
		{0A9D1AE0-0B1D-4358-931D-AEBACEFAAE7F}.Debug|Any CPU.ActiveCfg = Debug|Any CPU
		{0A9D1AE0-0B1D-4358-931D-AEBACEFAAE7F}.Debug|Any CPU.Build.0 = Debug|Any CPU
		{0A9D1AE0-0B1D-4358-931D-AEBACEFAAE7F}.Release|Any CPU.ActiveCfg = Release|Any CPU
		{0A9D1AE0-0B1D-4358-931D-AEBACEFAAE7F}.Release|Any CPU.Build.0 = Release|Any CPU
	EndGlobalSection
	GlobalSection(SolutionProperties) = preSolution
		HideSolutionNode = FALSE
	EndGlobalSection
	GlobalSection(ExtensibilityGlobals) = postSolution
		SolutionGuid = {77F81249-7B44-4225-A0CD-8B4F45B20416}
	EndGlobalSection
EndGlobal
