
Microsoft Visual Studio Solution File, Format Version 12.00
# Visual Studio Version 17
VisualStudioVersion = 17.5.33516.290
MinimumVisualStudioVersion = 10.0.40219.1
Project("{FAE04EC0-301F-11D3-BF4B-00C04F79EFBC}") = "05. Special Numbers", "05. Special Numbers.csproj", "{76C1F4A1-58AD-4DFB-B71C-1F3BA451D406}"
EndProject
Global
	GlobalSection(SolutionConfigurationPlatforms) = preSolution
		Debug|Any CPU = Debug|Any CPU
		Release|Any CPU = Release|Any CPU
	EndGlobalSection
	GlobalSection(ProjectConfigurationPlatforms) = postSolution
		{76C1F4A1-58AD-4DFB-B71C-1F3BA451D406}.Debug|Any CPU.ActiveCfg = Debug|Any CPU
		{76C1F4A1-58AD-4DFB-B71C-1F3BA451D406}.Debug|Any CPU.Build.0 = Debug|Any CPU
		{76C1F4A1-58AD-4DFB-B71C-1F3BA451D406}.Release|Any CPU.ActiveCfg = Release|Any CPU
		{76C1F4A1-58AD-4DFB-B71C-1F3BA451D406}.Release|Any CPU.Build.0 = Release|Any CPU
	EndGlobalSection
	GlobalSection(SolutionProperties) = preSolution
		HideSolutionNode = FALSE
	EndGlobalSection
	GlobalSection(ExtensibilityGlobals) = postSolution
		SolutionGuid = {10470D7F-1F78-475D-AC71-8CEFBB713F0C}
	EndGlobalSection
EndGlobal
