
Microsoft Visual Studio Solution File, Format Version 12.00
# Visual Studio Version 17
VisualStudioVersion = 17.5.33516.290
MinimumVisualStudioVersion = 10.0.40219.1
Project("{FAE04EC0-301F-11D3-BF4B-00C04F79EFBC}") = "06. Equal Sum", "06. Equal Sum.csproj", "{A45A3138-22FC-42A0-BDC5-91C2233BCAF3}"
EndProject
Global
	GlobalSection(SolutionConfigurationPlatforms) = preSolution
		Debug|Any CPU = Debug|Any CPU
		Release|Any CPU = Release|Any CPU
	EndGlobalSection
	GlobalSection(ProjectConfigurationPlatforms) = postSolution
		{A45A3138-22FC-42A0-BDC5-91C2233BCAF3}.Debug|Any CPU.ActiveCfg = Debug|Any CPU
		{A45A3138-22FC-42A0-BDC5-91C2233BCAF3}.Debug|Any CPU.Build.0 = Debug|Any CPU
		{A45A3138-22FC-42A0-BDC5-91C2233BCAF3}.Release|Any CPU.ActiveCfg = Release|Any CPU
		{A45A3138-22FC-42A0-BDC5-91C2233BCAF3}.Release|Any CPU.Build.0 = Release|Any CPU
	EndGlobalSection
	GlobalSection(SolutionProperties) = preSolution
		HideSolutionNode = FALSE
	EndGlobalSection
	GlobalSection(ExtensibilityGlobals) = postSolution
		SolutionGuid = {97958CBD-F52E-4C5F-ACFB-C9CA8BA97034}
	EndGlobalSection
EndGlobal
