
Microsoft Visual Studio Solution File, Format Version 12.00
# Visual Studio Version 17
VisualStudioVersion = 17.5.33516.290
MinimumVisualStudioVersion = 10.0.40219.1
Project("{FAE04EC0-301F-11D3-BF4B-00C04F79EFBC}") = "01. Extract Person Information", "01. Extract Person Information\01. Extract Person Information.csproj", "{29DCF787-1D37-4550-9E6D-D9AC4D13375A}"
EndProject
Project("{FAE04EC0-301F-11D3-BF4B-00C04F79EFBC}") = "02. Ascii Sumator", "02. Ascii Sumator\02. Ascii Sumator.csproj", "{F8A99A5E-6AF3-4D7D-829D-F653E6749513}"
EndProject
Project("{FAE04EC0-301F-11D3-BF4B-00C04F79EFBC}") = "03. Treasure Finder", "03. Treasure Finder\03. Treasure Finder.csproj", "{B641A563-62FF-446D-A8F9-DA3E7E8EB75A}"
EndProject
Project("{FAE04EC0-301F-11D3-BF4B-00C04F79EFBC}") = "04. Morse Code Translator", "04. Morse Code Translator\04. Morse Code Translator.csproj", "{38EDC4AA-294D-40E0-AF39-47E955474B55}"
EndProject
Project("{FAE04EC0-301F-11D3-BF4B-00C04F79EFBC}") = "05. HTML", "05. HTML\05. HTML.csproj", "{77908CA0-AD77-4139-81D8-23051A10C967}"
EndProject
Global
	GlobalSection(SolutionConfigurationPlatforms) = preSolution
		Debug|Any CPU = Debug|Any CPU
		Release|Any CPU = Release|Any CPU
	EndGlobalSection
	GlobalSection(ProjectConfigurationPlatforms) = postSolution
		{29DCF787-1D37-4550-9E6D-D9AC4D13375A}.Debug|Any CPU.ActiveCfg = Debug|Any CPU
		{29DCF787-1D37-4550-9E6D-D9AC4D13375A}.Debug|Any CPU.Build.0 = Debug|Any CPU
		{29DCF787-1D37-4550-9E6D-D9AC4D13375A}.Release|Any CPU.ActiveCfg = Release|Any CPU
		{29DCF787-1D37-4550-9E6D-D9AC4D13375A}.Release|Any CPU.Build.0 = Release|Any CPU
		{F8A99A5E-6AF3-4D7D-829D-F653E6749513}.Debug|Any CPU.ActiveCfg = Debug|Any CPU
		{F8A99A5E-6AF3-4D7D-829D-F653E6749513}.Debug|Any CPU.Build.0 = Debug|Any CPU
		{F8A99A5E-6AF3-4D7D-829D-F653E6749513}.Release|Any CPU.ActiveCfg = Release|Any CPU
		{F8A99A5E-6AF3-4D7D-829D-F653E6749513}.Release|Any CPU.Build.0 = Release|Any CPU
		{B641A563-62FF-446D-A8F9-DA3E7E8EB75A}.Debug|Any CPU.ActiveCfg = Debug|Any CPU
		{B641A563-62FF-446D-A8F9-DA3E7E8EB75A}.Debug|Any CPU.Build.0 = Debug|Any CPU
		{B641A563-62FF-446D-A8F9-DA3E7E8EB75A}.Release|Any CPU.ActiveCfg = Release|Any CPU
		{B641A563-62FF-446D-A8F9-DA3E7E8EB75A}.Release|Any CPU.Build.0 = Release|Any CPU
		{38EDC4AA-294D-40E0-AF39-47E955474B55}.Debug|Any CPU.ActiveCfg = Debug|Any CPU
		{38EDC4AA-294D-40E0-AF39-47E955474B55}.Debug|Any CPU.Build.0 = Debug|Any CPU
		{38EDC4AA-294D-40E0-AF39-47E955474B55}.Release|Any CPU.ActiveCfg = Release|Any CPU
		{38EDC4AA-294D-40E0-AF39-47E955474B55}.Release|Any CPU.Build.0 = Release|Any CPU
		{77908CA0-AD77-4139-81D8-23051A10C967}.Debug|Any CPU.ActiveCfg = Debug|Any CPU
		{77908CA0-AD77-4139-81D8-23051A10C967}.Debug|Any CPU.Build.0 = Debug|Any CPU
		{77908CA0-AD77-4139-81D8-23051A10C967}.Release|Any CPU.ActiveCfg = Release|Any CPU
		{77908CA0-AD77-4139-81D8-23051A10C967}.Release|Any CPU.Build.0 = Release|Any CPU
	EndGlobalSection
	GlobalSection(SolutionProperties) = preSolution
		HideSolutionNode = FALSE
	EndGlobalSection
	GlobalSection(ExtensibilityGlobals) = postSolution
		SolutionGuid = {0F011B42-BBF2-4F3B-9615-319A6302C06B}
	EndGlobalSection
EndGlobal
