
Microsoft Visual Studio Solution File, Format Version 12.00
# Visual Studio Version 17
VisualStudioVersion = 17.5.33516.290
MinimumVisualStudioVersion = 10.0.40219.1
Project("{FAE04EC0-301F-11D3-BF4B-00C04F79EFBC}") = "07. Sum Numbers", "07. Sum Numbers.csproj", "{407CA841-F8E1-4BB9-99F3-8298EFB6BCCD}"
EndProject
Global
	GlobalSection(SolutionConfigurationPlatforms) = preSolution
		Debug|Any CPU = Debug|Any CPU
		Release|Any CPU = Release|Any CPU
	EndGlobalSection
	GlobalSection(ProjectConfigurationPlatforms) = postSolution
		{407CA841-F8E1-4BB9-99F3-8298EFB6BCCD}.Debug|Any CPU.ActiveCfg = Debug|Any CPU
		{407CA841-F8E1-4BB9-99F3-8298EFB6BCCD}.Debug|Any CPU.Build.0 = Debug|Any CPU
		{407CA841-F8E1-4BB9-99F3-8298EFB6BCCD}.Release|Any CPU.ActiveCfg = Release|Any CPU
		{407CA841-F8E1-4BB9-99F3-8298EFB6BCCD}.Release|Any CPU.Build.0 = Release|Any CPU
	EndGlobalSection
	GlobalSection(SolutionProperties) = preSolution
		HideSolutionNode = FALSE
	EndGlobalSection
	GlobalSection(ExtensibilityGlobals) = postSolution
		SolutionGuid = {2248D991-CF2F-4AE1-B9CD-1CF1C21643FF}
	EndGlobalSection
EndGlobal
