
Microsoft Visual Studio Solution File, Format Version 12.00
# Visual Studio Version 17
VisualStudioVersion = 17.8.34330.188
MinimumVisualStudioVersion = 10.0.40219.1
Project("{FAE04EC0-301F-11D3-BF4B-00C04F79EFBC}") = "StringGame", "StringGame\StringGame.csproj", "{F9F4896B-10D9-469D-912E-3B669F63548D}"
EndProject
Project("{FAE04EC0-301F-11D3-BF4B-00C04F79EFBC}") = "MessageTranslator", "MessageTranslator\MessageTranslator.csproj", "{940B7C6F-70FB-4D9A-BEFE-286DDC8A949C}"
EndProject
Project("{FAE04EC0-301F-11D3-BF4B-00C04F79EFBC}") = "HeroRecruitment", "HeroRecruitment\HeroRecruitment.csproj", "{7E5E47D1-FE61-4156-AF78-01C60F96B216}"
EndProject
Global
	GlobalSection(SolutionConfigurationPlatforms) = preSolution
		Debug|Any CPU = Debug|Any CPU
		Release|Any CPU = Release|Any CPU
	EndGlobalSection
	GlobalSection(ProjectConfigurationPlatforms) = postSolution
		{F9F4896B-10D9-469D-912E-3B669F63548D}.Debug|Any CPU.ActiveCfg = Debug|Any CPU
		{F9F4896B-10D9-469D-912E-3B669F63548D}.Debug|Any CPU.Build.0 = Debug|Any CPU
		{F9F4896B-10D9-469D-912E-3B669F63548D}.Release|Any CPU.ActiveCfg = Release|Any CPU
		{F9F4896B-10D9-469D-912E-3B669F63548D}.Release|Any CPU.Build.0 = Release|Any CPU
		{940B7C6F-70FB-4D9A-BEFE-286DDC8A949C}.Debug|Any CPU.ActiveCfg = Debug|Any CPU
		{940B7C6F-70FB-4D9A-BEFE-286DDC8A949C}.Debug|Any CPU.Build.0 = Debug|Any CPU
		{940B7C6F-70FB-4D9A-BEFE-286DDC8A949C}.Release|Any CPU.ActiveCfg = Release|Any CPU
		{940B7C6F-70FB-4D9A-BEFE-286DDC8A949C}.Release|Any CPU.Build.0 = Release|Any CPU
		{7E5E47D1-FE61-4156-AF78-01C60F96B216}.Debug|Any CPU.ActiveCfg = Debug|Any CPU
		{7E5E47D1-FE61-4156-AF78-01C60F96B216}.Debug|Any CPU.Build.0 = Debug|Any CPU
		{7E5E47D1-FE61-4156-AF78-01C60F96B216}.Release|Any CPU.ActiveCfg = Release|Any CPU
		{7E5E47D1-FE61-4156-AF78-01C60F96B216}.Release|Any CPU.Build.0 = Release|Any CPU
	EndGlobalSection
	GlobalSection(SolutionProperties) = preSolution
		HideSolutionNode = FALSE
	EndGlobalSection
	GlobalSection(ExtensibilityGlobals) = postSolution
		SolutionGuid = {601E4149-60B2-4CD1-ADAD-8D2CB82BFF0B}
	EndGlobalSection
EndGlobal
